// !$*UTF8*$!
{
	archiveVersion = 1;
	classes = {
	};
	objectVersion = 50;
	objects = {

/* Begin PBXBuildFile section */
		94DA1E892634757300F83E86 /* AppDelegate.swift in Sources */ = {isa = PBXBuildFile; fileRef = 94DA1E882634757300F83E86 /* AppDelegate.swift */; };
		94DA1E8B2634757700F83E86 /* Assets.xcassets in Resources */ = {isa = PBXBuildFile; fileRef = 94DA1E8A2634757700F83E86 /* Assets.xcassets */; };
		94DA1E8E2634757700F83E86 /* MainMenu.xib in Resources */ = {isa = PBXBuildFile; fileRef = 94DA1E8C2634757700F83E86 /* MainMenu.xib */; };
		94DA1E9A2634771E00F83E86 /* BeatClock.swift in Sources */ = {isa = PBXBuildFile; fileRef = 94DA1E992634771E00F83E86 /* BeatClock.swift */; };
		94DA1EA326347EBC00F83E86 /* Media.xcassets in Resources */ = {isa = PBXBuildFile; fileRef = 94DA1EA226347EBC00F83E86 /* Media.xcassets */; };
		94DA1EA526347EBC00F83E86 /* icon.icns in Resources */ = {isa = PBXBuildFile; fileRef = 94DA1EA426347EBC00F83E86 /* icon.icns */; };
		94DA1EA726347EBC00F83E86 /* ActionViewController.swift in Sources */ = {isa = PBXBuildFile; fileRef = 94DA1EA626347EBC00F83E86 /* ActionViewController.swift */; };
		94DA1EAA26347EBC00F83E86 /* ActionViewController.xib in Resources */ = {isa = PBXBuildFile; fileRef = 94DA1EA826347EBC00F83E86 /* ActionViewController.xib */; };
		94DA1EAF26347EBC00F83E86 /* BeatClockWidget.appex in Embed App Extensions */ = {isa = PBXBuildFile; fileRef = 94DA1EA026347EBB00F83E86 /* BeatClockWidget.appex */; settings = {ATTRIBUTES = (RemoveHeadersOnCopy, ); }; };
/* End PBXBuildFile section */

/* Begin PBXContainerItemProxy section */
		94DA1EAD26347EBC00F83E86 /* PBXContainerItemProxy */ = {
			isa = PBXContainerItemProxy;
			containerPortal = 94DA1E7D2634757300F83E86 /* Project object */;
			proxyType = 1;
			remoteGlobalIDString = 94DA1E9F26347EBB00F83E86;
			remoteInfo = BeatClockWidget;
		};
/* End PBXContainerItemProxy section */

/* Begin PBXCopyFilesBuildPhase section */
		94DA1EB326347EBC00F83E86 /* Embed App Extensions */ = {
			isa = PBXCopyFilesBuildPhase;
			buildActionMask = 2147483647;
			dstPath = "";
			dstSubfolderSpec = 13;
			files = (
				94DA1EAF26347EBC00F83E86 /* BeatClockWidget.appex in Embed App Extensions */,
			);
			name = "Embed App Extensions";
			runOnlyForDeploymentPostprocessing = 0;
		};
/* End PBXCopyFilesBuildPhase section */

/* Begin PBXFileReference section */
		94DA1E852634757300F83E86 /* BeatClock.app */ = {isa = PBXFileReference; explicitFileType = wrapper.application; includeInIndex = 0; path = BeatClock.app; sourceTree = BUILT_PRODUCTS_DIR; };
		94DA1E882634757300F83E86 /* AppDelegate.swift */ = {isa = PBXFileReference; lastKnownFileType = sourcecode.swift; path = AppDelegate.swift; sourceTree = "<group>"; };
		94DA1E8A2634757700F83E86 /* Assets.xcassets */ = {isa = PBXFileReference; lastKnownFileType = folder.assetcatalog; path = Assets.xcassets; sourceTree = "<group>"; };
		94DA1E8D2634757700F83E86 /* Base */ = {isa = PBXFileReference; lastKnownFileType = file.xib; name = Base; path = Base.lproj/MainMenu.xib; sourceTree = "<group>"; };
		94DA1E8F2634757700F83E86 /* Info.plist */ = {isa = PBXFileReference; lastKnownFileType = text.plist.xml; path = Info.plist; sourceTree = "<group>"; };
		94DA1E902634757700F83E86 /* BeatClock.entitlements */ = {isa = PBXFileReference; lastKnownFileType = text.plist.entitlements; path = BeatClock.entitlements; sourceTree = "<group>"; };
		94DA1E992634771E00F83E86 /* BeatClock.swift */ = {isa = PBXFileReference; lastKnownFileType = sourcecode.swift; path = BeatClock.swift; sourceTree = "<group>"; };
		94DA1EA026347EBB00F83E86 /* BeatClockWidget.appex */ = {isa = PBXFileReference; explicitFileType = "wrapper.app-extension"; includeInIndex = 0; path = BeatClockWidget.appex; sourceTree = BUILT_PRODUCTS_DIR; };
		94DA1EA226347EBC00F83E86 /* Media.xcassets */ = {isa = PBXFileReference; lastKnownFileType = folder.assetcatalog; path = Media.xcassets; sourceTree = "<group>"; };
		94DA1EA426347EBC00F83E86 /* icon.icns */ = {isa = PBXFileReference; lastKnownFileType = image.icns; path = icon.icns; sourceTree = "<group>"; };
		94DA1EA626347EBC00F83E86 /* ActionViewController.swift */ = {isa = PBXFileReference; lastKnownFileType = sourcecode.swift; path = ActionViewController.swift; sourceTree = "<group>"; };
		94DA1EA926347EBC00F83E86 /* Base */ = {isa = PBXFileReference; lastKnownFileType = file.xib; name = Base; path = Base.lproj/ActionViewController.xib; sourceTree = "<group>"; };
		94DA1EAB26347EBC00F83E86 /* Info.plist */ = {isa = PBXFileReference; lastKnownFileType = text.plist.xml; path = Info.plist; sourceTree = "<group>"; };
		94DA1EAC26347EBC00F83E86 /* BeatClockWidget.entitlements */ = {isa = PBXFileReference; lastKnownFileType = text.plist.entitlements; path = BeatClockWidget.entitlements; sourceTree = "<group>"; };
/* End PBXFileReference section */

/* Begin PBXFrameworksBuildPhase section */
		94DA1E822634757300F83E86 /* Frameworks */ = {
			isa = PBXFrameworksBuildPhase;
			buildActionMask = 2147483647;
			files = (
			);
			runOnlyForDeploymentPostprocessing = 0;
		};
		94DA1E9D26347EBB00F83E86 /* Frameworks */ = {
			isa = PBXFrameworksBuildPhase;
			buildActionMask = 2147483647;
			files = (
			);
			runOnlyForDeploymentPostprocessing = 0;
		};
/* End PBXFrameworksBuildPhase section */

/* Begin PBXGroup section */
		94DA1E7C2634757300F83E86 = {
			isa = PBXGroup;
			children = (
				94DA1E872634757300F83E86 /* BeatClock */,
				94DA1EA126347EBC00F83E86 /* BeatClockWidget */,
				94DA1E862634757300F83E86 /* Products */,
			);
			sourceTree = "<group>";
		};
		94DA1E862634757300F83E86 /* Products */ = {
			isa = PBXGroup;
			children = (
				94DA1E852634757300F83E86 /* BeatClock.app */,
				94DA1EA026347EBB00F83E86 /* BeatClockWidget.appex */,
			);
			name = Products;
			sourceTree = "<group>";
		};
		94DA1E872634757300F83E86 /* BeatClock */ = {
			isa = PBXGroup;
			children = (
				94DA1E882634757300F83E86 /* AppDelegate.swift */,
				94DA1E992634771E00F83E86 /* BeatClock.swift */,
				94DA1E8A2634757700F83E86 /* Assets.xcassets */,
				94DA1E8C2634757700F83E86 /* MainMenu.xib */,
				94DA1E8F2634757700F83E86 /* Info.plist */,
				94DA1E902634757700F83E86 /* BeatClock.entitlements */,
			);
			path = BeatClock;
			sourceTree = "<group>";
		};
		94DA1EA126347EBC00F83E86 /* BeatClockWidget */ = {
			isa = PBXGroup;
			children = (
				94DA1EA226347EBC00F83E86 /* Media.xcassets */,
				94DA1EA426347EBC00F83E86 /* icon.icns */,
				94DA1EA626347EBC00F83E86 /* ActionViewController.swift */,
				94DA1EA826347EBC00F83E86 /* ActionViewController.xib */,
				94DA1EAB26347EBC00F83E86 /* Info.plist */,
				94DA1EAC26347EBC00F83E86 /* BeatClockWidget.entitlements */,
			);
			path = BeatClockWidget;
			sourceTree = "<group>";
		};
/* End PBXGroup section */

/* Begin PBXNativeTarget section */
		94DA1E842634757300F83E86 /* BeatClock */ = {
			isa = PBXNativeTarget;
			buildConfigurationList = 94DA1E932634757700F83E86 /* Build configuration list for PBXNativeTarget "BeatClock" */;
			buildPhases = (
				94DA1E812634757300F83E86 /* Sources */,
				94DA1E822634757300F83E86 /* Frameworks */,
				94DA1E832634757300F83E86 /* Resources */,
				94DA1EB326347EBC00F83E86 /* Embed App Extensions */,
			);
			buildRules = (
			);
			dependencies = (
				94DA1EAE26347EBC00F83E86 /* PBXTargetDependency */,
			);
			name = BeatClock;
			productName = BeatClock;
			productReference = 94DA1E852634757300F83E86 /* BeatClock.app */;
			productType = "com.apple.product-type.application";
		};
		94DA1E9F26347EBB00F83E86 /* BeatClockWidget */ = {
			isa = PBXNativeTarget;
			buildConfigurationList = 94DA1EB026347EBC00F83E86 /* Build configuration list for PBXNativeTarget "BeatClockWidget" */;
			buildPhases = (
				94DA1E9C26347EBB00F83E86 /* Sources */,
				94DA1E9D26347EBB00F83E86 /* Frameworks */,
				94DA1E9E26347EBB00F83E86 /* Resources */,
			);
			buildRules = (
			);
			dependencies = (
			);
			name = BeatClockWidget;
			productName = BeatClockWidget;
			productReference = 94DA1EA026347EBB00F83E86 /* BeatClockWidget.appex */;
			productType = "com.apple.product-type.app-extension";
		};
/* End PBXNativeTarget section */

/* Begin PBXProject section */
		94DA1E7D2634757300F83E86 /* Project object */ = {
			isa = PBXProject;
			attributes = {
				LastSwiftUpdateCheck = 1240;
				LastUpgradeCheck = 1240;
				TargetAttributes = {
					94DA1E842634757300F83E86 = {
						CreatedOnToolsVersion = 12.4;
					};
					94DA1E9F26347EBB00F83E86 = {
						CreatedOnToolsVersion = 12.4;
					};
				};
			};
			buildConfigurationList = 94DA1E802634757300F83E86 /* Build configuration list for PBXProject "BeatClock" */;
			compatibilityVersion = "Xcode 9.3";
			developmentRegion = en;
			hasScannedForEncodings = 0;
			knownRegions = (
				en,
				Base,
			);
			mainGroup = 94DA1E7C2634757300F83E86;
			productRefGroup = 94DA1E862634757300F83E86 /* Products */;
			projectDirPath = "";
			projectRoot = "";
			targets = (
				94DA1E842634757300F83E86 /* BeatClock */,
				94DA1E9F26347EBB00F83E86 /* BeatClockWidget */,
			);
		};
/* End PBXProject section */

/* Begin PBXResourcesBuildPhase section */
		94DA1E832634757300F83E86 /* Resources */ = {
			isa = PBXResourcesBuildPhase;
			buildActionMask = 2147483647;
			files = (
				94DA1E8B2634757700F83E86 /* Assets.xcassets in Resources */,
				94DA1E8E2634757700F83E86 /* MainMenu.xib in Resources */,
			);
			runOnlyForDeploymentPostprocessing = 0;
		};
		94DA1E9E26347EBB00F83E86 /* Resources */ = {
			isa = PBXResourcesBuildPhase;
			buildActionMask = 2147483647;
			files = (
				94DA1EA326347EBC00F83E86 /* Media.xcassets in Resources */,
				94DA1EA526347EBC00F83E86 /* icon.icns in Resources */,
				94DA1EAA26347EBC00F83E86 /* ActionViewController.xib in Resources */,
			);
			runOnlyForDeploymentPostprocessing = 0;
		};
/* End PBXResourcesBuildPhase section */

/* Begin PBXSourcesBuildPhase section */
		94DA1E812634757300F83E86 /* Sources */ = {
			isa = PBXSourcesBuildPhase;
			buildActionMask = 2147483647;
			files = (
				94DA1E9A2634771E00F83E86 /* BeatClock.swift in Sources */,
				94DA1E892634757300F83E86 /* AppDelegate.swift in Sources */,
			);
			runOnlyForDeploymentPostprocessing = 0;
		};
		94DA1E9C26347EBB00F83E86 /* Sources */ = {
			isa = PBXSourcesBuildPhase;
			buildActionMask = 2147483647;
			files = (
				94DA1EA726347EBC00F83E86 /* ActionViewController.swift in Sources */,
			);
			runOnlyForDeploymentPostprocessing = 0;
		};
/* End PBXSourcesBuildPhase section */

/* Begin PBXTargetDependency section */
		94DA1EAE26347EBC00F83E86 /* PBXTargetDependency */ = {
			isa = PBXTargetDependency;
			target = 94DA1E9F26347EBB00F83E86 /* BeatClockWidget */;
			targetProxy = 94DA1EAD26347EBC00F83E86 /* PBXContainerItemProxy */;
		};
/* End PBXTargetDependency section */

/* Begin PBXVariantGroup section */
		94DA1E8C2634757700F83E86 /* MainMenu.xib */ = {
			isa = PBXVariantGroup;
			children = (
				94DA1E8D2634757700F83E86 /* Base */,
			);
			name = MainMenu.xib;
			sourceTree = "<group>";
		};
		94DA1EA826347EBC00F83E86 /* ActionViewController.xib */ = {
			isa = PBXVariantGroup;
			children = (
				94DA1EA926347EBC00F83E86 /* Base */,
			);
			name = ActionViewController.xib;
			sourceTree = "<group>";
		};
/* End PBXVariantGroup section */

/* Begin XCBuildConfiguration section */
		94DA1E912634757700F83E86 /* Debug */ = {
			isa = XCBuildConfiguration;
			buildSettings = {
				ALWAYS_SEARCH_USER_PATHS = NO;
				CLANG_ANALYZER_NONNULL = YES;
				CLANG_ANALYZER_NUMBER_OBJECT_CONVERSION = YES_AGGRESSIVE;
				CLANG_CXX_LANGUAGE_STANDARD = "gnu++14";
				CLANG_CXX_LIBRARY = "libc++";
				CLANG_ENABLE_MODULES = YES;
				CLANG_ENABLE_OBJC_ARC = YES;
				CLANG_ENABLE_OBJC_WEAK = YES;
				CLANG_WARN_BLOCK_CAPTURE_AUTORELEASING = YES;
				CLANG_WARN_BOOL_CONVERSION = YES;
				CLANG_WARN_COMMA = YES;
				CLANG_WARN_CONSTANT_CONVERSION = YES;
				CLANG_WARN_DEPRECATED_OBJC_IMPLEMENTATIONS = YES;
				CLANG_WARN_DIRECT_OBJC_ISA_USAGE = YES_ERROR;
				CLANG_WARN_DOCUMENTATION_COMMENTS = YES;
				CLANG_WARN_EMPTY_BODY = YES;
				CLANG_WARN_ENUM_CONVERSION = YES;
				CLANG_WARN_INFINITE_RECURSION = YES;
				CLANG_WARN_INT_CONVERSION = YES;
				CLANG_WARN_NON_LITERAL_NULL_CONVERSION = YES;
				CLANG_WARN_OBJC_IMPLICIT_RETAIN_SELF = YES;
				CLANG_WARN_OBJC_LITERAL_CONVERSION = YES;
				CLANG_WARN_OBJC_ROOT_CLASS = YES_ERROR;
				CLANG_WARN_QUOTED_INCLUDE_IN_FRAMEWORK_HEADER = YES;
				CLANG_WARN_RANGE_LOOP_ANALYSIS = YES;
				CLANG_WARN_STRICT_PROTOTYPES = YES;
				CLANG_WARN_SUSPICIOUS_MOVE = YES;
				CLANG_WARN_UNGUARDED_AVAILABILITY = YES_AGGRESSIVE;
				CLANG_WARN_UNREACHABLE_CODE = YES;
				CLANG_WARN__DUPLICATE_METHOD_MATCH = YES;
				COPY_PHASE_STRIP = NO;
				DEBUG_INFORMATION_FORMAT = dwarf;
				ENABLE_STRICT_OBJC_MSGSEND = YES;
				ENABLE_TESTABILITY = YES;
				GCC_C_LANGUAGE_STANDARD = gnu11;
				GCC_DYNAMIC_NO_PIC = NO;
				GCC_NO_COMMON_BLOCKS = YES;
				GCC_OPTIMIZATION_LEVEL = 0;
				GCC_PREPROCESSOR_DEFINITIONS = (
					"DEBUG=1",
					"$(inherited)",
				);
				GCC_WARN_64_TO_32_BIT_CONVERSION = YES;
				GCC_WARN_ABOUT_RETURN_TYPE = YES_ERROR;
				GCC_WARN_UNDECLARED_SELECTOR = YES;
				GCC_WARN_UNINITIALIZED_AUTOS = YES_AGGRESSIVE;
				GCC_WARN_UNUSED_FUNCTION = YES;
				GCC_WARN_UNUSED_VARIABLE = YES;
				MACOSX_DEPLOYMENT_TARGET = 11.1;
				MTL_ENABLE_DEBUG_INFO = INCLUDE_SOURCE;
				MTL_FAST_MATH = YES;
				ONLY_ACTIVE_ARCH = YES;
				SDKROOT = macosx;
				SWIFT_ACTIVE_COMPILATION_CONDITIONS = DEBUG;
				SWIFT_OPTIMIZATION_LEVEL = "-Onone";
			};
			name = Debug;
		};
		94DA1E922634757700F83E86 /* Release */ = {
			isa = XCBuildConfiguration;
			buildSettings = {
				ALWAYS_SEARCH_USER_PATHS = NO;
				CLANG_ANALYZER_NONNULL = YES;
				CLANG_ANALYZER_NUMBER_OBJECT_CONVERSION = YES_AGGRESSIVE;
				CLANG_CXX_LANGUAGE_STANDARD = "gnu++14";
				CLANG_CXX_LIBRARY = "libc++";
				CLANG_ENABLE_MODULES = YES;
				CLANG_ENABLE_OBJC_ARC = YES;
				CLANG_ENABLE_OBJC_WEAK = YES;
				CLANG_WARN_BLOCK_CAPTURE_AUTORELEASING = YES;
				CLANG_WARN_BOOL_CONVERSION = YES;
				CLANG_WARN_COMMA = YES;
				CLANG_WARN_CONSTANT_CONVERSION = YES;
				CLANG_WARN_DEPRECATED_OBJC_IMPLEMENTATIONS = YES;
				CLANG_WARN_DIRECT_OBJC_ISA_USAGE = YES_ERROR;
				CLANG_WARN_DOCUMENTATION_COMMENTS = YES;
				CLANG_WARN_EMPTY_BODY = YES;
				CLANG_WARN_ENUM_CONVERSION = YES;
				CLANG_WARN_INFINITE_RECURSION = YES;
				CLANG_WARN_INT_CONVERSION = YES;
				CLANG_WARN_NON_LITERAL_NULL_CONVERSION = YES;
				CLANG_WARN_OBJC_IMPLICIT_RETAIN_SELF = YES;
				CLANG_WARN_OBJC_LITERAL_CONVERSION = YES;
				CLANG_WARN_OBJC_ROOT_CLASS = YES_ERROR;
				CLANG_WARN_QUOTED_INCLUDE_IN_FRAMEWORK_HEADER = YES;
				CLANG_WARN_RANGE_LOOP_ANALYSIS = YES;
				CLANG_WARN_STRICT_PROTOTYPES = YES;
				CLANG_WARN_SUSPICIOUS_MOVE = YES;
				CLANG_WARN_UNGUARDED_AVAILABILITY = YES_AGGRESSIVE;
				CLANG_WARN_UNREACHABLE_CODE = YES;
				CLANG_WARN__DUPLICATE_METHOD_MATCH = YES;
				COPY_PHASE_STRIP = NO;
				DEBUG_INFORMATION_FORMAT = "dwarf-with-dsym";
				ENABLE_NS_ASSERTIONS = NO;
				ENABLE_STRICT_OBJC_MSGSEND = YES;
				GCC_C_LANGUAGE_STANDARD = gnu11;
				GCC_NO_COMMON_BLOCKS = YES;
				GCC_WARN_64_TO_32_BIT_CONVERSION = YES;
				GCC_WARN_ABOUT_RETURN_TYPE = YES_ERROR;
				GCC_WARN_UNDECLARED_SELECTOR = YES;
				GCC_WARN_UNINITIALIZED_AUTOS = YES_AGGRESSIVE;
				GCC_WARN_UNUSED_FUNCTION = YES;
				GCC_WARN_UNUSED_VARIABLE = YES;
				MACOSX_DEPLOYMENT_TARGET = 11.1;
				MTL_ENABLE_DEBUG_INFO = NO;
				MTL_FAST_MATH = YES;
				SDKROOT = macosx;
				SWIFT_COMPILATION_MODE = wholemodule;
				SWIFT_OPTIMIZATION_LEVEL = "-O";
			};
			name = Release;
		};
		94DA1E942634757700F83E86 /* Debug */ = {
			isa = XCBuildConfiguration;
			buildSettings = {
				ALWAYS_EMBED_SWIFT_STANDARD_LIBRARIES = YES;
				ASSETCATALOG_COMPILER_APPICON_NAME = AppIcon;
				ASSETCATALOG_COMPILER_GLOBAL_ACCENT_COLOR_NAME = AccentColor;
				CODE_SIGN_ENTITLEMENTS = BeatClock/BeatClock.entitlements;
				CODE_SIGN_STYLE = Automatic;
				COMBINE_HIDPI_IMAGES = YES;
				DEVELOPMENT_TEAM = VNLK894MAE;
				ENABLE_HARDENED_RUNTIME = YES;
				INFOPLIST_FILE = BeatClock/Info.plist;
				LD_RUNPATH_SEARCH_PATHS = (
					"$(inherited)",
					"@executable_path/../Frameworks",
				);
				MACOSX_DEPLOYMENT_TARGET = 10.15;
				MARKETING_VERSION = 0.1;
				PRODUCT_BUNDLE_IDENTIFIER = mulot.org.BeatClock;
				PRODUCT_NAME = "$(TARGET_NAME)";
				SWIFT_VERSION = 5.0;
			};
			name = Debug;
		};
		94DA1E952634757700F83E86 /* Release */ = {
			isa = XCBuildConfiguration;
			buildSettings = {
				ALWAYS_EMBED_SWIFT_STANDARD_LIBRARIES = YES;
				ASSETCATALOG_COMPILER_APPICON_NAME = AppIcon;
				ASSETCATALOG_COMPILER_GLOBAL_ACCENT_COLOR_NAME = AccentColor;
				CODE_SIGN_ENTITLEMENTS = BeatClock/BeatClock.entitlements;
				CODE_SIGN_STYLE = Automatic;
				COMBINE_HIDPI_IMAGES = YES;
				DEVELOPMENT_TEAM = VNLK894MAE;
				ENABLE_HARDENED_RUNTIME = YES;
				INFOPLIST_FILE = BeatClock/Info.plist;
				LD_RUNPATH_SEARCH_PATHS = (
					"$(inherited)",
					"@executable_path/../Frameworks",
				);
				MACOSX_DEPLOYMENT_TARGET = 10.15;
				MARKETING_VERSION = 0.1;
				PRODUCT_BUNDLE_IDENTIFIER = mulot.org.BeatClock;
				PRODUCT_NAME = "$(TARGET_NAME)";
				SWIFT_VERSION = 5.0;
			};
			name = Release;
		};
		94DA1EB126347EBC00F83E86 /* Debug */ = {
			isa = XCBuildConfiguration;
			buildSettings = {
				CODE_SIGN_ENTITLEMENTS = BeatClockWidget/BeatClockWidget.entitlements;
				CODE_SIGN_STYLE = Automatic;
				COMBINE_HIDPI_IMAGES = YES;
				DEVELOPMENT_TEAM = VNLK894MAE;
				ENABLE_HARDENED_RUNTIME = YES;
				INFOPLIST_FILE = BeatClockWidget/Info.plist;
				LD_RUNPATH_SEARCH_PATHS = (
					"$(inherited)",
					"@executable_path/../Frameworks",
					"@executable_path/../../../../Frameworks",
				);
				PRODUCT_BUNDLE_IDENTIFIER = mulot.org.BeatClock.BeatClockWidget;
				PRODUCT_NAME = "$(TARGET_NAME)";
				SKIP_INSTALL = YES;
				SWIFT_VERSION = 5.0;
			};
			name = Debug;
		};
		94DA1EB226347EBC00F83E86 /* Release */ = {
			isa = XCBuildConfiguration;
			buildSettings = {
				CODE_SIGN_ENTITLEMENTS = BeatClockWidget/BeatClockWidget.entitlements;
				CODE_SIGN_STYLE = Automatic;
				COMBINE_HIDPI_IMAGES = YES;
				DEVELOPMENT_TEAM = VNLK894MAE;
				ENABLE_HARDENED_RUNTIME = YES;
				INFOPLIST_FILE = BeatClockWidget/Info.plist;
				LD_RUNPATH_SEARCH_PATHS = (
					"$(inherited)",
					"@executable_path/../Frameworks",
					"@executable_path/../../../../Frameworks",
				);
				PRODUCT_BUNDLE_IDENTIFIER = mulot.org.BeatClock.BeatClockWidget;
				PRODUCT_NAME = "$(TARGET_NAME)";
				SKIP_INSTALL = YES;
				SWIFT_VERSION = 5.0;
			};
			name = Release;
		};
/* End XCBuildConfiguration section */

/* Begin XCConfigurationList section */
		94DA1E802634757300F83E86 /* Build configuration list for PBXProject "BeatClock" */ = {
			isa = XCConfigurationList;
			buildConfigurations = (
				94DA1E912634757700F83E86 /* Debug */,
				94DA1E922634757700F83E86 /* Release */,
			);
			defaultConfigurationIsVisible = 0;
			defaultConfigurationName = Release;
		};
		94DA1E932634757700F83E86 /* Build configuration list for PBXNativeTarget "BeatClock" */ = {
			isa = XCConfigurationList;
			buildConfigurations = (
				94DA1E942634757700F83E86 /* Debug */,
				94DA1E952634757700F83E86 /* Release */,
			);
			defaultConfigurationIsVisible = 0;
			defaultConfigurationName = Release;
		};
		94DA1EB026347EBC00F83E86 /* Build configuration list for PBXNativeTarget "BeatClockWidget" */ = {
			isa = XCConfigurationList;
			buildConfigurations = (
				94DA1EB126347EBC00F83E86 /* Debug */,
				94DA1EB226347EBC00F83E86 /* Release */,
			);
			defaultConfigurationIsVisible = 0;
			defaultConfigurationName = Release;
		};
/* End XCConfigurationList section */
	};
	rootObject = 94DA1E7D2634757300F83E86 /* Project object */;
}
