// !$*UTF8*$!
{
	archiveVersion = 1;
	classes = {
	};
	objectVersion = 54;
	objects = {

/* Begin PBXBuildFile section */
		94196332292ED5FE009BC68A /* WidgetKit.framework in Frameworks */ = {isa = PBXBuildFile; fileRef = 9476F3272639D65A006FBF66 /* WidgetKit.framework */; };
		94196333292ED5FE009BC68A /* SwiftUI.framework in Frameworks */ = {isa = PBXBuildFile; fileRef = 9476F3292639D65A006FBF66 /* SwiftUI.framework */; };
		94196338292ED5FF009BC68A /* Assets.xcassets in Resources */ = {isa = PBXBuildFile; fileRef = 94196337292ED5FF009BC68A /* Assets.xcassets */; };
		9419633C292ED5FF009BC68A /* BeatTimeWidgetWatchOSExtension.appex in Embed Foundation Extensions */ = {isa = PBXBuildFile; fileRef = 94196331292ED5FE009BC68A /* BeatTimeWidgetWatchOSExtension.appex */; settings = {ATTRIBUTES = (RemoveHeadersOnCopy, ); }; };
		94196342292ED902009BC68A /* BeatTime.swift in Sources */ = {isa = PBXBuildFile; fileRef = 94DA1E992634771E00F83E86 /* BeatTime.swift */; };
		94196343292ED92C009BC68A /* UIViewDraw.swift in Sources */ = {isa = PBXBuildFile; fileRef = 94BEB1CB2646DBEB00A5D811 /* UIViewDraw.swift */; };
		94196344292ED931009BC68A /* Colors.swift in Sources */ = {isa = PBXBuildFile; fileRef = 94BEB20E2646E92E00A5D811 /* Colors.swift */; };
		94196345292ED936009BC68A /* BeatTImeView.swift in Sources */ = {isa = PBXBuildFile; fileRef = 94BEB1BE2646D9C500A5D811 /* BeatTImeView.swift */; };
		94196346292F61DA009BC68A /* ComplicationController.swift in Sources */ = {isa = PBXBuildFile; fileRef = 947C5646264814F1007E6B4A /* ComplicationController.swift */; };
		942690FA29326EEF0095E1A3 /* BeatTimeWidget.swift in Sources */ = {isa = PBXBuildFile; fileRef = 9476F32C2639D65B006FBF66 /* BeatTimeWidget.swift */; };
		942690FB29326F480095E1A3 /* BeatTimeWidget.swift in Sources */ = {isa = PBXBuildFile; fileRef = 9476F32C2639D65B006FBF66 /* BeatTimeWidget.swift */; };
		94416F99265F896600A23369 /* alarm clock.ttf in Resources */ = {isa = PBXBuildFile; fileRef = 94416F98265F896600A23369 /* alarm clock.ttf */; };
		94416FA1265F967300A23369 /* BeatTimeMenuBarApp.swift in Sources */ = {isa = PBXBuildFile; fileRef = 94416FA0265F967300A23369 /* BeatTimeMenuBarApp.swift */; };
		94416FA3265F967300A23369 /* ContentView.swift in Sources */ = {isa = PBXBuildFile; fileRef = 94416FA2265F967300A23369 /* ContentView.swift */; };
		94416FA5265F967C00A23369 /* Assets.xcassets in Resources */ = {isa = PBXBuildFile; fileRef = 94416FA4265F967C00A23369 /* Assets.xcassets */; };
		94416FA8265F967C00A23369 /* Preview Assets.xcassets in Resources */ = {isa = PBXBuildFile; fileRef = 94416FA7265F967C00A23369 /* Preview Assets.xcassets */; };
		94416FAE265F974E00A23369 /* BeatTime.swift in Sources */ = {isa = PBXBuildFile; fileRef = 94DA1E992634771E00F83E86 /* BeatTime.swift */; };
		94416FAF265FE42B00A23369 /* BeatTImeView.swift in Sources */ = {isa = PBXBuildFile; fileRef = 94BEB1BE2646D9C500A5D811 /* BeatTImeView.swift */; };
		94416FB0265FE43C00A23369 /* UIViewDraw.swift in Sources */ = {isa = PBXBuildFile; fileRef = 94BEB1CB2646DBEB00A5D811 /* UIViewDraw.swift */; };
		94416FB1265FE44700A23369 /* Colors.swift in Sources */ = {isa = PBXBuildFile; fileRef = 94BEB20E2646E92E00A5D811 /* Colors.swift */; };
		94416FB226659EBD00A23369 /* BeatTimeWatchOS WatchKit App.app in Embed Watch Content */ = {isa = PBXBuildFile; fileRef = 947C562D264814E9007E6B4A /* BeatTimeWatchOS WatchKit App.app */; settings = {ATTRIBUTES = (RemoveHeadersOnCopy, ); }; };
		945F06B826543E1700391A7D /* WidgetKit.framework in Frameworks */ = {isa = PBXBuildFile; fileRef = 9476F3272639D65A006FBF66 /* WidgetKit.framework */; };
		945F06B926543E1700391A7D /* SwiftUI.framework in Frameworks */ = {isa = PBXBuildFile; fileRef = 9476F3292639D65A006FBF66 /* SwiftUI.framework */; };
		945F06BE26543E1D00391A7D /* Assets.xcassets in Resources */ = {isa = PBXBuildFile; fileRef = 945F06BD26543E1D00391A7D /* Assets.xcassets */; };
		945F06C226543E1D00391A7D /* BeatTimeWidgetiOSExtension.appex in Embed Foundation Extensions */ = {isa = PBXBuildFile; fileRef = 945F06B726543E1700391A7D /* BeatTimeWidgetiOSExtension.appex */; settings = {ATTRIBUTES = (RemoveHeadersOnCopy, ); }; };
		945F06C826543EBB00391A7D /* BeatTime.swift in Sources */ = {isa = PBXBuildFile; fileRef = 94DA1E992634771E00F83E86 /* BeatTime.swift */; };
		945F06C926543EDE00391A7D /* BeatTImeView.swift in Sources */ = {isa = PBXBuildFile; fileRef = 94BEB1BE2646D9C500A5D811 /* BeatTImeView.swift */; };
		945F06CA26543EE200391A7D /* Colors.swift in Sources */ = {isa = PBXBuildFile; fileRef = 94BEB20E2646E92E00A5D811 /* Colors.swift */; };
		945F06CB26543EE500391A7D /* UIViewDraw.swift in Sources */ = {isa = PBXBuildFile; fileRef = 94BEB1CB2646DBEB00A5D811 /* UIViewDraw.swift */; };
		9475DB862B910AF100402BAA /* LocalNotificationManager.swift in Sources */ = {isa = PBXBuildFile; fileRef = 94F62D872B717A0200C4C2C4 /* LocalNotificationManager.swift */; };
		9476F3282639D65A006FBF66 /* WidgetKit.framework in Frameworks */ = {isa = PBXBuildFile; fileRef = 9476F3272639D65A006FBF66 /* WidgetKit.framework */; };
		9476F32A2639D65A006FBF66 /* SwiftUI.framework in Frameworks */ = {isa = PBXBuildFile; fileRef = 9476F3292639D65A006FBF66 /* SwiftUI.framework */; };
		9476F32F2639D662006FBF66 /* Assets.xcassets in Resources */ = {isa = PBXBuildFile; fileRef = 9476F32E2639D662006FBF66 /* Assets.xcassets */; };
		9476F3342639D662006FBF66 /* BeatTimeWidgetExtension.appex in Embed Foundation Extensions */ = {isa = PBXBuildFile; fileRef = 9476F3252639D65A006FBF66 /* BeatTimeWidgetExtension.appex */; settings = {ATTRIBUTES = (RemoveHeadersOnCopy, ); }; };
		9476F33B2639DF0C006FBF66 /* BeatTime.swift in Sources */ = {isa = PBXBuildFile; fileRef = 94DA1E992634771E00F83E86 /* BeatTime.swift */; };
		9476F33D2639ED7C006FBF66 /* CocoaDraw.swift in Sources */ = {isa = PBXBuildFile; fileRef = 9476F33C2639ED7C006FBF66 /* CocoaDraw.swift */; };
		947C562E264814E9007E6B4A /* BeatTimeWatchOS WatchKit App.app in Embed Watch Content */ = {isa = PBXBuildFile; fileRef = 947C562D264814E9007E6B4A /* BeatTimeWatchOS WatchKit App.app */; settings = {ATTRIBUTES = (RemoveHeadersOnCopy, ); }; };
		947C563F264814F1007E6B4A /* BeatTimeApp.swift in Sources */ = {isa = PBXBuildFile; fileRef = 947C563E264814F1007E6B4A /* BeatTimeApp.swift */; };
		947C5643264814F1007E6B4A /* NotificationController.swift in Sources */ = {isa = PBXBuildFile; fileRef = 947C5642264814F1007E6B4A /* NotificationController.swift */; };
		947C5645264814F1007E6B4A /* NotificationView.swift in Sources */ = {isa = PBXBuildFile; fileRef = 947C5644264814F1007E6B4A /* NotificationView.swift */; };
		947C5649264814F2007E6B4A /* Assets.xcassets in Resources */ = {isa = PBXBuildFile; fileRef = 947C5648264814F2007E6B4A /* Assets.xcassets */; };
		947C564C264814F2007E6B4A /* Preview Assets.xcassets in Resources */ = {isa = PBXBuildFile; fileRef = 947C564B264814F2007E6B4A /* Preview Assets.xcassets */; };
		947C5660264819F8007E6B4A /* BeatTime.swift in Sources */ = {isa = PBXBuildFile; fileRef = 94DA1E992634771E00F83E86 /* BeatTime.swift */; };
		947C566126481A5E007E6B4A /* UIViewDraw.swift in Sources */ = {isa = PBXBuildFile; fileRef = 94BEB1CB2646DBEB00A5D811 /* UIViewDraw.swift */; };
		947C566226481A68007E6B4A /* Colors.swift in Sources */ = {isa = PBXBuildFile; fileRef = 94BEB20E2646E92E00A5D811 /* Colors.swift */; };
		947C566326481B22007E6B4A /* BeatTImeView.swift in Sources */ = {isa = PBXBuildFile; fileRef = 94BEB1BE2646D9C500A5D811 /* BeatTImeView.swift */; };
		947C5665264839A6007E6B4A /* BeatTimeWidget.swift in Sources */ = {isa = PBXBuildFile; fileRef = 9476F32C2639D65B006FBF66 /* BeatTimeWidget.swift */; };
		947C56682648405F007E6B4A /* UIViewDraw.swift in Sources */ = {isa = PBXBuildFile; fileRef = 94BEB1CB2646DBEB00A5D811 /* UIViewDraw.swift */; };
		947C566926484069007E6B4A /* Colors.swift in Sources */ = {isa = PBXBuildFile; fileRef = 94BEB20E2646E92E00A5D811 /* Colors.swift */; };
		947C566A26484217007E6B4A /* BeatTImeView.swift in Sources */ = {isa = PBXBuildFile; fileRef = 94BEB1BE2646D9C500A5D811 /* BeatTImeView.swift */; };
		94A89355264D863700C86B3E /* ExtensionDelegate.swift in Sources */ = {isa = PBXBuildFile; fileRef = 94A89354264D863700C86B3E /* ExtensionDelegate.swift */; };
		94BEB1BD2646D9C500A5D811 /* BeatTimeiOSApp.swift in Sources */ = {isa = PBXBuildFile; fileRef = 94BEB1BC2646D9C500A5D811 /* BeatTimeiOSApp.swift */; };
		94BEB1BF2646D9C500A5D811 /* BeatTImeView.swift in Sources */ = {isa = PBXBuildFile; fileRef = 94BEB1BE2646D9C500A5D811 /* BeatTImeView.swift */; };
		94BEB1C12646D9CA00A5D811 /* Assets.xcassets in Resources */ = {isa = PBXBuildFile; fileRef = 94BEB1C02646D9CA00A5D811 /* Assets.xcassets */; };
		94BEB1C42646D9CA00A5D811 /* Preview Assets.xcassets in Resources */ = {isa = PBXBuildFile; fileRef = 94BEB1C32646D9CA00A5D811 /* Preview Assets.xcassets */; };
		94BEB1CA2646DBBC00A5D811 /* BeatTime.swift in Sources */ = {isa = PBXBuildFile; fileRef = 94DA1E992634771E00F83E86 /* BeatTime.swift */; };
		94BEB20F2646E92E00A5D811 /* Colors.swift in Sources */ = {isa = PBXBuildFile; fileRef = 94BEB20E2646E92E00A5D811 /* Colors.swift */; };
		94BEB2112647D12D00A5D811 /* UIViewDraw.swift in Sources */ = {isa = PBXBuildFile; fileRef = 94BEB1CB2646DBEB00A5D811 /* UIViewDraw.swift */; };
		94CBA0BF2652DC5A0032CA8B /* Assets.xcassets in Resources */ = {isa = PBXBuildFile; fileRef = 947C5632264814F0007E6B4A /* Assets.xcassets */; };
		94CBA0C7265308370032CA8B /* BeatTimeTvOSApp.swift in Sources */ = {isa = PBXBuildFile; fileRef = 94CBA0C6265308370032CA8B /* BeatTimeTvOSApp.swift */; };
		94CBA0CB2653083E0032CA8B /* Assets.xcassets in Resources */ = {isa = PBXBuildFile; fileRef = 94CBA0CA2653083E0032CA8B /* Assets.xcassets */; };
		94CBA0CE2653083E0032CA8B /* Preview Assets.xcassets in Resources */ = {isa = PBXBuildFile; fileRef = 94CBA0CD2653083E0032CA8B /* Preview Assets.xcassets */; };
		94CBA0D32653086D0032CA8B /* BeatTImeView.swift in Sources */ = {isa = PBXBuildFile; fileRef = 94BEB1BE2646D9C500A5D811 /* BeatTImeView.swift */; };
		94CBA0D4265308740032CA8B /* Colors.swift in Sources */ = {isa = PBXBuildFile; fileRef = 94BEB20E2646E92E00A5D811 /* Colors.swift */; };
		94CBA0D5265308780032CA8B /* UIViewDraw.swift in Sources */ = {isa = PBXBuildFile; fileRef = 94BEB1CB2646DBEB00A5D811 /* UIViewDraw.swift */; };
		94CBA0D626530A3F0032CA8B /* BeatTime.swift in Sources */ = {isa = PBXBuildFile; fileRef = 94DA1E992634771E00F83E86 /* BeatTime.swift */; };
		94DA1E892634757300F83E86 /* AppDelegate.swift in Sources */ = {isa = PBXBuildFile; fileRef = 94DA1E882634757300F83E86 /* AppDelegate.swift */; };
		94DA1E8B2634757700F83E86 /* Assets.xcassets in Resources */ = {isa = PBXBuildFile; fileRef = 94DA1E8A2634757700F83E86 /* Assets.xcassets */; };
		94DA1E8E2634757700F83E86 /* MainMenu.xib in Resources */ = {isa = PBXBuildFile; fileRef = 94DA1E8C2634757700F83E86 /* MainMenu.xib */; };
		94DA1E9A2634771E00F83E86 /* BeatTime.swift in Sources */ = {isa = PBXBuildFile; fileRef = 94DA1E992634771E00F83E86 /* BeatTime.swift */; };
		94F62D882B717A0300C4C2C4 /* LocalNotificationManager.swift in Sources */ = {isa = PBXBuildFile; fileRef = 94F62D872B717A0200C4C2C4 /* LocalNotificationManager.swift */; };
/* End PBXBuildFile section */

/* Begin PBXContainerItemProxy section */
		9419633A292ED5FF009BC68A /* PBXContainerItemProxy */ = {
			isa = PBXContainerItemProxy;
			containerPortal = 94DA1E7D2634757300F83E86 /* Project object */;
			proxyType = 1;
			remoteGlobalIDString = 94196330292ED5FE009BC68A;
			remoteInfo = BeatTimeWidgetWatchOSExtension;
		};
		94416FB326659EBD00A23369 /* PBXContainerItemProxy */ = {
			isa = PBXContainerItemProxy;
			containerPortal = 94DA1E7D2634757300F83E86 /* Project object */;
			proxyType = 1;
			remoteGlobalIDString = 947C562C264814E9007E6B4A;
			remoteInfo = "BeatTimeWatchOS WatchKit App";
		};
		945F06C026543E1D00391A7D /* PBXContainerItemProxy */ = {
			isa = PBXContainerItemProxy;
			containerPortal = 94DA1E7D2634757300F83E86 /* Project object */;
			proxyType = 1;
			remoteGlobalIDString = 945F06B626543E1700391A7D;
			remoteInfo = BeatTimeWidgetiOSExtension;
		};
		9476F3322639D662006FBF66 /* PBXContainerItemProxy */ = {
			isa = PBXContainerItemProxy;
			containerPortal = 94DA1E7D2634757300F83E86 /* Project object */;
			proxyType = 1;
			remoteGlobalIDString = 9476F3242639D65A006FBF66;
			remoteInfo = BeatClockWidgetExtension;
		};
		947C562F264814E9007E6B4A /* PBXContainerItemProxy */ = {
			isa = PBXContainerItemProxy;
			containerPortal = 94DA1E7D2634757300F83E86 /* Project object */;
			proxyType = 1;
			remoteGlobalIDString = 947C562C264814E9007E6B4A;
			remoteInfo = "BeatClockWatchOS WatchKit App";
		};
/* End PBXContainerItemProxy section */

/* Begin PBXCopyFilesBuildPhase section */
		9419633D292ED5FF009BC68A /* Embed Foundation Extensions */ = {
			isa = PBXCopyFilesBuildPhase;
			buildActionMask = 2147483647;
			dstPath = "";
			dstSubfolderSpec = 13;
			files = (
				9419633C292ED5FF009BC68A /* BeatTimeWidgetWatchOSExtension.appex in Embed Foundation Extensions */,
			);
			name = "Embed Foundation Extensions";
			runOnlyForDeploymentPostprocessing = 0;
		};
		94416FB526659EBD00A23369 /* Embed Watch Content */ = {
			isa = PBXCopyFilesBuildPhase;
			buildActionMask = 2147483647;
			dstPath = "$(CONTENTS_FOLDER_PATH)/Watch";
			dstSubfolderSpec = 16;
			files = (
				94416FB226659EBD00A23369 /* BeatTimeWatchOS WatchKit App.app in Embed Watch Content */,
			);
			name = "Embed Watch Content";
			runOnlyForDeploymentPostprocessing = 0;
		};
		945F06C326543E1D00391A7D /* Embed Foundation Extensions */ = {
			isa = PBXCopyFilesBuildPhase;
			buildActionMask = 2147483647;
			dstPath = "";
			dstSubfolderSpec = 13;
			files = (
				945F06C226543E1D00391A7D /* BeatTimeWidgetiOSExtension.appex in Embed Foundation Extensions */,
			);
			name = "Embed Foundation Extensions";
			runOnlyForDeploymentPostprocessing = 0;
		};
		947C5656264814F2007E6B4A /* Embed Watch Content */ = {
			isa = PBXCopyFilesBuildPhase;
			buildActionMask = 2147483647;
			dstPath = "$(CONTENTS_FOLDER_PATH)/Watch";
			dstSubfolderSpec = 16;
			files = (
				947C562E264814E9007E6B4A /* BeatTimeWatchOS WatchKit App.app in Embed Watch Content */,
			);
			name = "Embed Watch Content";
			runOnlyForDeploymentPostprocessing = 0;
		};
		94DA1EB326347EBC00F83E86 /* Embed Foundation Extensions */ = {
			isa = PBXCopyFilesBuildPhase;
			buildActionMask = 2147483647;
			dstPath = "";
			dstSubfolderSpec = 13;
			files = (
				9476F3342639D662006FBF66 /* BeatTimeWidgetExtension.appex in Embed Foundation Extensions */,
			);
			name = "Embed Foundation Extensions";
			runOnlyForDeploymentPostprocessing = 0;
		};
/* End PBXCopyFilesBuildPhase section */

/* Begin PBXFileReference section */
		94196331292ED5FE009BC68A /* BeatTimeWidgetWatchOSExtension.appex */ = {isa = PBXFileReference; explicitFileType = "wrapper.app-extension"; includeInIndex = 0; path = BeatTimeWidgetWatchOSExtension.appex; sourceTree = BUILT_PRODUCTS_DIR; };
		94196337292ED5FF009BC68A /* Assets.xcassets */ = {isa = PBXFileReference; lastKnownFileType = folder.assetcatalog; path = Assets.xcassets; sourceTree = "<group>"; };
		94196339292ED5FF009BC68A /* Info.plist */ = {isa = PBXFileReference; lastKnownFileType = text.plist.xml; path = Info.plist; sourceTree = "<group>"; };
		94416F98265F896600A23369 /* alarm clock.ttf */ = {isa = PBXFileReference; lastKnownFileType = file; path = "alarm clock.ttf"; sourceTree = "<group>"; };
		94416F9E265F967300A23369 /* BeatTimeMenuBar.app */ = {isa = PBXFileReference; explicitFileType = wrapper.application; includeInIndex = 0; path = BeatTimeMenuBar.app; sourceTree = BUILT_PRODUCTS_DIR; };
		94416FA0265F967300A23369 /* BeatTimeMenuBarApp.swift */ = {isa = PBXFileReference; lastKnownFileType = sourcecode.swift; path = BeatTimeMenuBarApp.swift; sourceTree = "<group>"; };
		94416FA2265F967300A23369 /* ContentView.swift */ = {isa = PBXFileReference; lastKnownFileType = sourcecode.swift; path = ContentView.swift; sourceTree = "<group>"; };
		94416FA4265F967C00A23369 /* Assets.xcassets */ = {isa = PBXFileReference; lastKnownFileType = folder.assetcatalog; path = Assets.xcassets; sourceTree = "<group>"; };
		94416FA7265F967C00A23369 /* Preview Assets.xcassets */ = {isa = PBXFileReference; lastKnownFileType = folder.assetcatalog; path = "Preview Assets.xcassets"; sourceTree = "<group>"; };
		94416FA9265F967C00A23369 /* Info.plist */ = {isa = PBXFileReference; lastKnownFileType = text.plist.xml; path = Info.plist; sourceTree = "<group>"; };
		94416FAA265F967C00A23369 /* BeatTimeMenuBar.entitlements */ = {isa = PBXFileReference; lastKnownFileType = text.plist.entitlements; path = BeatTimeMenuBar.entitlements; sourceTree = "<group>"; };
		9444636C2B0267F70048E2E8 /* BeatTimeWidgetiOSExtension.entitlements */ = {isa = PBXFileReference; lastKnownFileType = text.plist.entitlements; path = BeatTimeWidgetiOSExtension.entitlements; sourceTree = "<group>"; };
		945F06B726543E1700391A7D /* BeatTimeWidgetiOSExtension.appex */ = {isa = PBXFileReference; explicitFileType = "wrapper.app-extension"; includeInIndex = 0; path = BeatTimeWidgetiOSExtension.appex; sourceTree = BUILT_PRODUCTS_DIR; };
		945F06BD26543E1D00391A7D /* Assets.xcassets */ = {isa = PBXFileReference; lastKnownFileType = folder.assetcatalog; path = Assets.xcassets; sourceTree = "<group>"; };
		945F06BF26543E1D00391A7D /* Info.plist */ = {isa = PBXFileReference; lastKnownFileType = text.plist.xml; path = Info.plist; sourceTree = "<group>"; };
		9476F3252639D65A006FBF66 /* BeatTimeWidgetExtension.appex */ = {isa = PBXFileReference; explicitFileType = "wrapper.app-extension"; includeInIndex = 0; path = BeatTimeWidgetExtension.appex; sourceTree = BUILT_PRODUCTS_DIR; };
		9476F3272639D65A006FBF66 /* WidgetKit.framework */ = {isa = PBXFileReference; lastKnownFileType = wrapper.framework; name = WidgetKit.framework; path = System/Library/Frameworks/WidgetKit.framework; sourceTree = SDKROOT; };
		9476F3292639D65A006FBF66 /* SwiftUI.framework */ = {isa = PBXFileReference; lastKnownFileType = wrapper.framework; name = SwiftUI.framework; path = System/Library/Frameworks/SwiftUI.framework; sourceTree = SDKROOT; };
		9476F32C2639D65B006FBF66 /* BeatTimeWidget.swift */ = {isa = PBXFileReference; lastKnownFileType = sourcecode.swift; path = BeatTimeWidget.swift; sourceTree = "<group>"; };
		9476F32E2639D662006FBF66 /* Assets.xcassets */ = {isa = PBXFileReference; lastKnownFileType = folder.assetcatalog; path = Assets.xcassets; sourceTree = "<group>"; };
		9476F3302639D662006FBF66 /* Info.plist */ = {isa = PBXFileReference; lastKnownFileType = text.plist.xml; path = Info.plist; sourceTree = "<group>"; };
		9476F3312639D662006FBF66 /* BeatTimeWidget.entitlements */ = {isa = PBXFileReference; lastKnownFileType = text.plist.entitlements; path = BeatTimeWidget.entitlements; sourceTree = "<group>"; };
		9476F33C2639ED7C006FBF66 /* CocoaDraw.swift */ = {isa = PBXFileReference; lastKnownFileType = sourcecode.swift; path = CocoaDraw.swift; sourceTree = "<group>"; };
		947C562A264814E9007E6B4A /* BeatTime.app */ = {isa = PBXFileReference; explicitFileType = wrapper.application; includeInIndex = 0; path = BeatTime.app; sourceTree = BUILT_PRODUCTS_DIR; };
		947C562D264814E9007E6B4A /* BeatTimeWatchOS WatchKit App.app */ = {isa = PBXFileReference; explicitFileType = wrapper.application; includeInIndex = 0; path = "BeatTimeWatchOS WatchKit App.app"; sourceTree = BUILT_PRODUCTS_DIR; };
		947C5632264814F0007E6B4A /* Assets.xcassets */ = {isa = PBXFileReference; lastKnownFileType = folder.assetcatalog; path = Assets.xcassets; sourceTree = "<group>"; };
		947C5634264814F0007E6B4A /* Info.plist */ = {isa = PBXFileReference; lastKnownFileType = text.plist.xml; path = Info.plist; sourceTree = "<group>"; };
		947C563E264814F1007E6B4A /* BeatTimeApp.swift */ = {isa = PBXFileReference; lastKnownFileType = sourcecode.swift; path = BeatTimeApp.swift; sourceTree = "<group>"; };
		947C5642264814F1007E6B4A /* NotificationController.swift */ = {isa = PBXFileReference; lastKnownFileType = sourcecode.swift; path = NotificationController.swift; sourceTree = "<group>"; };
		947C5644264814F1007E6B4A /* NotificationView.swift */ = {isa = PBXFileReference; lastKnownFileType = sourcecode.swift; path = NotificationView.swift; sourceTree = "<group>"; };
		947C5646264814F1007E6B4A /* ComplicationController.swift */ = {isa = PBXFileReference; lastKnownFileType = sourcecode.swift; path = ComplicationController.swift; sourceTree = "<group>"; };
		947C5648264814F2007E6B4A /* Assets.xcassets */ = {isa = PBXFileReference; lastKnownFileType = folder.assetcatalog; path = Assets.xcassets; sourceTree = "<group>"; };
		947C564B264814F2007E6B4A /* Preview Assets.xcassets */ = {isa = PBXFileReference; lastKnownFileType = folder.assetcatalog; path = "Preview Assets.xcassets"; sourceTree = "<group>"; };
		947C564D264814F2007E6B4A /* Info.plist */ = {isa = PBXFileReference; lastKnownFileType = text.plist.xml; path = Info.plist; sourceTree = "<group>"; };
		947C564E264814F2007E6B4A /* PushNotificationPayload.apns */ = {isa = PBXFileReference; lastKnownFileType = text; path = PushNotificationPayload.apns; sourceTree = "<group>"; };
		94A89354264D863700C86B3E /* ExtensionDelegate.swift */ = {isa = PBXFileReference; lastKnownFileType = sourcecode.swift; path = ExtensionDelegate.swift; sourceTree = "<group>"; };
		94BEB1BA2646D9C500A5D811 /* BeatTimeiOS.app */ = {isa = PBXFileReference; explicitFileType = wrapper.application; includeInIndex = 0; path = BeatTimeiOS.app; sourceTree = BUILT_PRODUCTS_DIR; };
		94BEB1BC2646D9C500A5D811 /* BeatTimeiOSApp.swift */ = {isa = PBXFileReference; lastKnownFileType = sourcecode.swift; path = BeatTimeiOSApp.swift; sourceTree = "<group>"; };
		94BEB1BE2646D9C500A5D811 /* BeatTImeView.swift */ = {isa = PBXFileReference; lastKnownFileType = sourcecode.swift; path = BeatTImeView.swift; sourceTree = "<group>"; };
		94BEB1C02646D9CA00A5D811 /* Assets.xcassets */ = {isa = PBXFileReference; lastKnownFileType = folder.assetcatalog; path = Assets.xcassets; sourceTree = "<group>"; };
		94BEB1C32646D9CA00A5D811 /* Preview Assets.xcassets */ = {isa = PBXFileReference; lastKnownFileType = folder.assetcatalog; path = "Preview Assets.xcassets"; sourceTree = "<group>"; };
		94BEB1C52646D9CA00A5D811 /* Info.plist */ = {isa = PBXFileReference; lastKnownFileType = text.plist.xml; path = Info.plist; sourceTree = "<group>"; };
		94BEB1CB2646DBEB00A5D811 /* UIViewDraw.swift */ = {isa = PBXFileReference; lastKnownFileType = sourcecode.swift; path = UIViewDraw.swift; sourceTree = "<group>"; };
		94BEB20E2646E92E00A5D811 /* Colors.swift */ = {isa = PBXFileReference; lastKnownFileType = sourcecode.swift; path = Colors.swift; sourceTree = "<group>"; };
		94CBA0C4265308370032CA8B /* BeatTimeTvOS.app */ = {isa = PBXFileReference; explicitFileType = wrapper.application; includeInIndex = 0; path = BeatTimeTvOS.app; sourceTree = BUILT_PRODUCTS_DIR; };
		94CBA0C6265308370032CA8B /* BeatTimeTvOSApp.swift */ = {isa = PBXFileReference; lastKnownFileType = sourcecode.swift; path = BeatTimeTvOSApp.swift; sourceTree = "<group>"; };
		94CBA0CA2653083E0032CA8B /* Assets.xcassets */ = {isa = PBXFileReference; lastKnownFileType = folder.assetcatalog; path = Assets.xcassets; sourceTree = "<group>"; };
		94CBA0CD2653083E0032CA8B /* Preview Assets.xcassets */ = {isa = PBXFileReference; lastKnownFileType = folder.assetcatalog; path = "Preview Assets.xcassets"; sourceTree = "<group>"; };
		94CBA0CF2653083E0032CA8B /* Info.plist */ = {isa = PBXFileReference; lastKnownFileType = text.plist.xml; path = Info.plist; sourceTree = "<group>"; };
		94DA1E852634757300F83E86 /* BeatTime.app */ = {isa = PBXFileReference; explicitFileType = wrapper.application; includeInIndex = 0; path = BeatTime.app; sourceTree = BUILT_PRODUCTS_DIR; };
		94DA1E882634757300F83E86 /* AppDelegate.swift */ = {isa = PBXFileReference; lastKnownFileType = sourcecode.swift; path = AppDelegate.swift; sourceTree = "<group>"; };
		94DA1E8A2634757700F83E86 /* Assets.xcassets */ = {isa = PBXFileReference; lastKnownFileType = folder.assetcatalog; path = Assets.xcassets; sourceTree = "<group>"; };
		94DA1E8D2634757700F83E86 /* Base */ = {isa = PBXFileReference; lastKnownFileType = file.xib; name = Base; path = Base.lproj/MainMenu.xib; sourceTree = "<group>"; };
		94DA1E8F2634757700F83E86 /* Info.plist */ = {isa = PBXFileReference; lastKnownFileType = text.plist.xml; path = Info.plist; sourceTree = "<group>"; };
		94DA1E902634757700F83E86 /* BeatTime.entitlements */ = {isa = PBXFileReference; lastKnownFileType = text.plist.entitlements; path = BeatTime.entitlements; sourceTree = "<group>"; };
		94DA1E992634771E00F83E86 /* BeatTime.swift */ = {isa = PBXFileReference; lastKnownFileType = sourcecode.swift; path = BeatTime.swift; sourceTree = "<group>"; };
		94F62D872B717A0200C4C2C4 /* LocalNotificationManager.swift */ = {isa = PBXFileReference; lastKnownFileType = sourcecode.swift; path = LocalNotificationManager.swift; sourceTree = "<group>"; };
/* End PBXFileReference section */

/* Begin PBXFrameworksBuildPhase section */
		9419632E292ED5FE009BC68A /* Frameworks */ = {
			isa = PBXFrameworksBuildPhase;
			buildActionMask = 2147483647;
			files = (
				94196333292ED5FE009BC68A /* SwiftUI.framework in Frameworks */,
				94196332292ED5FE009BC68A /* WidgetKit.framework in Frameworks */,
			);
			runOnlyForDeploymentPostprocessing = 0;
		};
		94416F9B265F967300A23369 /* Frameworks */ = {
			isa = PBXFrameworksBuildPhase;
			buildActionMask = 2147483647;
			files = (
			);
			runOnlyForDeploymentPostprocessing = 0;
		};
		945F06B426543E1700391A7D /* Frameworks */ = {
			isa = PBXFrameworksBuildPhase;
			buildActionMask = 2147483647;
			files = (
				945F06B926543E1700391A7D /* SwiftUI.framework in Frameworks */,
				945F06B826543E1700391A7D /* WidgetKit.framework in Frameworks */,
			);
			runOnlyForDeploymentPostprocessing = 0;
		};
		9476F3222639D65A006FBF66 /* Frameworks */ = {
			isa = PBXFrameworksBuildPhase;
			buildActionMask = 2147483647;
			files = (
				9476F32A2639D65A006FBF66 /* SwiftUI.framework in Frameworks */,
				9476F3282639D65A006FBF66 /* WidgetKit.framework in Frameworks */,
			);
			runOnlyForDeploymentPostprocessing = 0;
		};
		947C5636264814F0007E6B4A /* Frameworks */ = {
			isa = PBXFrameworksBuildPhase;
			buildActionMask = 2147483647;
			files = (
			);
			runOnlyForDeploymentPostprocessing = 0;
		};
		94BEB1B72646D9C500A5D811 /* Frameworks */ = {
			isa = PBXFrameworksBuildPhase;
			buildActionMask = 2147483647;
			files = (
			);
			runOnlyForDeploymentPostprocessing = 0;
		};
		94CBA0C1265308370032CA8B /* Frameworks */ = {
			isa = PBXFrameworksBuildPhase;
			buildActionMask = 2147483647;
			files = (
			);
			runOnlyForDeploymentPostprocessing = 0;
		};
		94DA1E822634757300F83E86 /* Frameworks */ = {
			isa = PBXFrameworksBuildPhase;
			buildActionMask = 2147483647;
			files = (
			);
			runOnlyForDeploymentPostprocessing = 0;
		};
/* End PBXFrameworksBuildPhase section */

/* Begin PBXGroup section */
		94196334292ED5FE009BC68A /* BeatTimeWidgetWatchOS */ = {
			isa = PBXGroup;
			children = (
				94196337292ED5FF009BC68A /* Assets.xcassets */,
				94196339292ED5FF009BC68A /* Info.plist */,
			);
			path = BeatTimeWidgetWatchOS;
			sourceTree = "<group>";
		};
		94416F9F265F967300A23369 /* BeatTimeMenuBar */ = {
			isa = PBXGroup;
			children = (
				94416FA0265F967300A23369 /* BeatTimeMenuBarApp.swift */,
				94416FA2265F967300A23369 /* ContentView.swift */,
				94416FA4265F967C00A23369 /* Assets.xcassets */,
				94416FA9265F967C00A23369 /* Info.plist */,
				94416FAA265F967C00A23369 /* BeatTimeMenuBar.entitlements */,
				94416FA6265F967C00A23369 /* Preview Content */,
			);
			path = BeatTimeMenuBar;
			sourceTree = "<group>";
		};
		94416FA6265F967C00A23369 /* Preview Content */ = {
			isa = PBXGroup;
			children = (
				94416FA7265F967C00A23369 /* Preview Assets.xcassets */,
			);
			path = "Preview Content";
			sourceTree = "<group>";
		};
		945F06BA26543E1700391A7D /* Widget iOS */ = {
			isa = PBXGroup;
			children = (
				945F06BD26543E1D00391A7D /* Assets.xcassets */,
				945F06BF26543E1D00391A7D /* Info.plist */,
			);
			path = "Widget iOS";
			sourceTree = "<group>";
		};
		9476F3262639D65A006FBF66 /* Frameworks */ = {
			isa = PBXGroup;
			children = (
				9476F3272639D65A006FBF66 /* WidgetKit.framework */,
				9476F3292639D65A006FBF66 /* SwiftUI.framework */,
			);
			name = Frameworks;
			sourceTree = "<group>";
		};
		9476F32B2639D65A006FBF66 /* Widget */ = {
			isa = PBXGroup;
			children = (
				9476F32C2639D65B006FBF66 /* BeatTimeWidget.swift */,
				9476F32E2639D662006FBF66 /* Assets.xcassets */,
				9476F3302639D662006FBF66 /* Info.plist */,
				9476F3312639D662006FBF66 /* BeatTimeWidget.entitlements */,
			);
			path = Widget;
			sourceTree = "<group>";
		};
		947C562726480050007E6B4A /* View */ = {
			isa = PBXGroup;
			children = (
				9476F33C2639ED7C006FBF66 /* CocoaDraw.swift */,
				94BEB1BE2646D9C500A5D811 /* BeatTImeView.swift */,
				94BEB20E2646E92E00A5D811 /* Colors.swift */,
				94BEB1CB2646DBEB00A5D811 /* UIViewDraw.swift */,
			);
			path = View;
			sourceTree = "<group>";
		};
		947C5631264814E9007E6B4A /* WatchOS WatchKit App */ = {
			isa = PBXGroup;
			children = (
				947C5632264814F0007E6B4A /* Assets.xcassets */,
				947C5634264814F0007E6B4A /* Info.plist */,
			);
			path = "WatchOS WatchKit App";
			sourceTree = "<group>";
		};
		947C563D264814F0007E6B4A /* WatchOS WatchKit Extension */ = {
			isa = PBXGroup;
			children = (
				947C563E264814F1007E6B4A /* BeatTimeApp.swift */,
				94A89354264D863700C86B3E /* ExtensionDelegate.swift */,
				947C5642264814F1007E6B4A /* NotificationController.swift */,
				947C5644264814F1007E6B4A /* NotificationView.swift */,
				947C5646264814F1007E6B4A /* ComplicationController.swift */,
				947C5648264814F2007E6B4A /* Assets.xcassets */,
				947C564D264814F2007E6B4A /* Info.plist */,
				947C564E264814F2007E6B4A /* PushNotificationPayload.apns */,
				947C564A264814F2007E6B4A /* Preview Content */,
			);
			path = "WatchOS WatchKit Extension";
			sourceTree = "<group>";
		};
		947C564A264814F2007E6B4A /* Preview Content */ = {
			isa = PBXGroup;
			children = (
				947C564B264814F2007E6B4A /* Preview Assets.xcassets */,
			);
			path = "Preview Content";
			sourceTree = "<group>";
		};
		94A89353264C320100C86B3E /* BeatTime */ = {
			isa = PBXGroup;
			children = (
				94DA1E992634771E00F83E86 /* BeatTime.swift */,
			);
			path = BeatTime;
			sourceTree = "<group>";
		};
		94BEB1BB2646D9C500A5D811 /* iOS */ = {
			isa = PBXGroup;
			children = (
				94BEB1BC2646D9C500A5D811 /* BeatTimeiOSApp.swift */,
				94F62D872B717A0200C4C2C4 /* LocalNotificationManager.swift */,
				94BEB1C02646D9CA00A5D811 /* Assets.xcassets */,
				94BEB1C52646D9CA00A5D811 /* Info.plist */,
				94BEB1C22646D9CA00A5D811 /* Preview Content */,
			);
			path = iOS;
			sourceTree = "<group>";
		};
		94BEB1C22646D9CA00A5D811 /* Preview Content */ = {
			isa = PBXGroup;
			children = (
				94BEB1C32646D9CA00A5D811 /* Preview Assets.xcassets */,
			);
			path = "Preview Content";
			sourceTree = "<group>";
		};
		94CBA0C5265308370032CA8B /* TvOS */ = {
			isa = PBXGroup;
			children = (
				94CBA0C6265308370032CA8B /* BeatTimeTvOSApp.swift */,
				94CBA0CA2653083E0032CA8B /* Assets.xcassets */,
				94CBA0CF2653083E0032CA8B /* Info.plist */,
				94CBA0CC2653083E0032CA8B /* Preview Content */,
			);
			path = TvOS;
			sourceTree = "<group>";
		};
		94CBA0CC2653083E0032CA8B /* Preview Content */ = {
			isa = PBXGroup;
			children = (
				94CBA0CD2653083E0032CA8B /* Preview Assets.xcassets */,
			);
			path = "Preview Content";
			sourceTree = "<group>";
		};
		94DA1E7C2634757300F83E86 = {
			isa = PBXGroup;
			children = (
				9444636C2B0267F70048E2E8 /* BeatTimeWidgetiOSExtension.entitlements */,
				94A89353264C320100C86B3E /* BeatTime */,
				94DA1E872634757300F83E86 /* MacOS */,
				94416F9F265F967300A23369 /* BeatTimeMenuBar */,
				9476F32B2639D65A006FBF66 /* Widget */,
				94BEB1BB2646D9C500A5D811 /* iOS */,
				945F06BA26543E1700391A7D /* Widget iOS */,
				947C5631264814E9007E6B4A /* WatchOS WatchKit App */,
				947C563D264814F0007E6B4A /* WatchOS WatchKit Extension */,
				94196334292ED5FE009BC68A /* BeatTimeWidgetWatchOS */,
				94CBA0C5265308370032CA8B /* TvOS */,
				947C562726480050007E6B4A /* View */,
				9476F3262639D65A006FBF66 /* Frameworks */,
				94DA1E862634757300F83E86 /* Products */,
			);
			sourceTree = "<group>";
		};
		94DA1E862634757300F83E86 /* Products */ = {
			isa = PBXGroup;
			children = (
				94DA1E852634757300F83E86 /* BeatTime.app */,
				9476F3252639D65A006FBF66 /* BeatTimeWidgetExtension.appex */,
				94BEB1BA2646D9C500A5D811 /* BeatTimeiOS.app */,
				947C562A264814E9007E6B4A /* BeatTime.app */,
				947C562D264814E9007E6B4A /* BeatTimeWatchOS WatchKit App.app */,
				94CBA0C4265308370032CA8B /* BeatTimeTvOS.app */,
				945F06B726543E1700391A7D /* BeatTimeWidgetiOSExtension.appex */,
				94416F9E265F967300A23369 /* BeatTimeMenuBar.app */,
				94196331292ED5FE009BC68A /* BeatTimeWidgetWatchOSExtension.appex */,
			);
			name = Products;
			sourceTree = "<group>";
		};
		94DA1E872634757300F83E86 /* MacOS */ = {
			isa = PBXGroup;
			children = (
				94416F98265F896600A23369 /* alarm clock.ttf */,
				94DA1E882634757300F83E86 /* AppDelegate.swift */,
				94DA1E8A2634757700F83E86 /* Assets.xcassets */,
				94DA1E8C2634757700F83E86 /* MainMenu.xib */,
				94DA1E8F2634757700F83E86 /* Info.plist */,
				94DA1E902634757700F83E86 /* BeatTime.entitlements */,
			);
			path = MacOS;
			sourceTree = "<group>";
		};
/* End PBXGroup section */

/* Begin PBXNativeTarget section */
		94196330292ED5FE009BC68A /* BeatTimeWidgetWatchOSExtension */ = {
			isa = PBXNativeTarget;
			buildConfigurationList = 94196340292ED5FF009BC68A /* Build configuration list for PBXNativeTarget "BeatTimeWidgetWatchOSExtension" */;
			buildPhases = (
				9419632D292ED5FE009BC68A /* Sources */,
				9419632E292ED5FE009BC68A /* Frameworks */,
				9419632F292ED5FE009BC68A /* Resources */,
			);
			buildRules = (
			);
			dependencies = (
			);
			name = BeatTimeWidgetWatchOSExtension;
			productName = BeatTimeWidgetWatchOSExtension;
			productReference = 94196331292ED5FE009BC68A /* BeatTimeWidgetWatchOSExtension.appex */;
			productType = "com.apple.product-type.app-extension";
		};
		94416F9D265F967300A23369 /* BeatTimeMenuBar */ = {
			isa = PBXNativeTarget;
			buildConfigurationList = 94416FAB265F967C00A23369 /* Build configuration list for PBXNativeTarget "BeatTimeMenuBar" */;
			buildPhases = (
				94416F9A265F967300A23369 /* Sources */,
				94416F9B265F967300A23369 /* Frameworks */,
				94416F9C265F967300A23369 /* Resources */,
			);
			buildRules = (
			);
			dependencies = (
			);
			name = BeatTimeMenuBar;
			productName = BeatTimeMenuBar;
			productReference = 94416F9E265F967300A23369 /* BeatTimeMenuBar.app */;
			productType = "com.apple.product-type.application";
		};
		945F06B626543E1700391A7D /* BeatTimeWidgetiOSExtension */ = {
			isa = PBXNativeTarget;
			buildConfigurationList = 945F06C626543E1D00391A7D /* Build configuration list for PBXNativeTarget "BeatTimeWidgetiOSExtension" */;
			buildPhases = (
				945F06B326543E1700391A7D /* Sources */,
				945F06B426543E1700391A7D /* Frameworks */,
				945F06B526543E1700391A7D /* Resources */,
			);
			buildRules = (
			);
			dependencies = (
			);
			name = BeatTimeWidgetiOSExtension;
			productName = BeatTimeWidgetiOSExtension;
			productReference = 945F06B726543E1700391A7D /* BeatTimeWidgetiOSExtension.appex */;
			productType = "com.apple.product-type.app-extension";
		};
		9476F3242639D65A006FBF66 /* BeatTimeWidgetExtension */ = {
			isa = PBXNativeTarget;
			buildConfigurationList = 9476F3352639D662006FBF66 /* Build configuration list for PBXNativeTarget "BeatTimeWidgetExtension" */;
			buildPhases = (
				9476F3212639D65A006FBF66 /* Sources */,
				9476F3222639D65A006FBF66 /* Frameworks */,
				9476F3232639D65A006FBF66 /* Resources */,
			);
			buildRules = (
			);
			dependencies = (
			);
			name = BeatTimeWidgetExtension;
			productName = BeatClockWidgetExtension;
			productReference = 9476F3252639D65A006FBF66 /* BeatTimeWidgetExtension.appex */;
			productType = "com.apple.product-type.app-extension";
		};
		947C5629264814E9007E6B4A /* BeatTimeWatchOS */ = {
			isa = PBXNativeTarget;
			buildConfigurationList = 947C5657264814F2007E6B4A /* Build configuration list for PBXNativeTarget "BeatTimeWatchOS" */;
			buildPhases = (
				947C5628264814E9007E6B4A /* Resources */,
				947C5656264814F2007E6B4A /* Embed Watch Content */,
			);
			buildRules = (
			);
			dependencies = (
				947C5630264814E9007E6B4A /* PBXTargetDependency */,
			);
			name = BeatTimeWatchOS;
			productName = BeatClockWatchOS;
			productReference = 947C562A264814E9007E6B4A /* BeatTime.app */;
			productType = "com.apple.product-type.application.watchapp2-container";
		};
		947C562C264814E9007E6B4A /* BeatTimeWatchOS WatchKit App */ = {
			isa = PBXNativeTarget;
			buildConfigurationList = 947C5653264814F2007E6B4A /* Build configuration list for PBXNativeTarget "BeatTimeWatchOS WatchKit App" */;
			buildPhases = (
				947C562B264814E9007E6B4A /* Resources */,
				947C5635264814F0007E6B4A /* Sources */,
				947C5636264814F0007E6B4A /* Frameworks */,
				9419633D292ED5FF009BC68A /* Embed Foundation Extensions */,
			);
			buildRules = (
			);
			dependencies = (
				9419633B292ED5FF009BC68A /* PBXTargetDependency */,
			);
			name = "BeatTimeWatchOS WatchKit App";
			productName = "BeatClockWatchOS WatchKit App";
			productReference = 947C562D264814E9007E6B4A /* BeatTimeWatchOS WatchKit App.app */;
			productType = "com.apple.product-type.application";
		};
		94BEB1B92646D9C500A5D811 /* BeatTimeiOS */ = {
			isa = PBXNativeTarget;
			buildConfigurationList = 94BEB1C82646D9CB00A5D811 /* Build configuration list for PBXNativeTarget "BeatTimeiOS" */;
			buildPhases = (
				94BEB1B62646D9C500A5D811 /* Sources */,
				94BEB1B72646D9C500A5D811 /* Frameworks */,
				94BEB1B82646D9C500A5D811 /* Resources */,
				945F06C326543E1D00391A7D /* Embed Foundation Extensions */,
				94416FB526659EBD00A23369 /* Embed Watch Content */,
			);
			buildRules = (
			);
			dependencies = (
				945F06C126543E1D00391A7D /* PBXTargetDependency */,
				94416FB426659EBD00A23369 /* PBXTargetDependency */,
			);
			name = BeatTimeiOS;
			productName = BeatClockiOS;
			productReference = 94BEB1BA2646D9C500A5D811 /* BeatTimeiOS.app */;
			productType = "com.apple.product-type.application";
		};
		94CBA0C3265308370032CA8B /* BeatTimeTvOS */ = {
			isa = PBXNativeTarget;
			buildConfigurationList = 94CBA0D02653083E0032CA8B /* Build configuration list for PBXNativeTarget "BeatTimeTvOS" */;
			buildPhases = (
				94CBA0C0265308370032CA8B /* Sources */,
				94CBA0C1265308370032CA8B /* Frameworks */,
				94CBA0C2265308370032CA8B /* Resources */,
			);
			buildRules = (
			);
			dependencies = (
			);
			name = BeatTimeTvOS;
			productName = BeatTimeTvOS;
			productReference = 94CBA0C4265308370032CA8B /* BeatTimeTvOS.app */;
			productType = "com.apple.product-type.application";
		};
		94DA1E842634757300F83E86 /* BeatTime */ = {
			isa = PBXNativeTarget;
			buildConfigurationList = 94DA1E932634757700F83E86 /* Build configuration list for PBXNativeTarget "BeatTime" */;
			buildPhases = (
				94DA1E812634757300F83E86 /* Sources */,
				94DA1E822634757300F83E86 /* Frameworks */,
				94DA1E832634757300F83E86 /* Resources */,
				94DA1EB326347EBC00F83E86 /* Embed Foundation Extensions */,
			);
			buildRules = (
			);
			dependencies = (
				9476F3332639D662006FBF66 /* PBXTargetDependency */,
			);
			name = BeatTime;
			productName = BeatClock;
			productReference = 94DA1E852634757300F83E86 /* BeatTime.app */;
			productType = "com.apple.product-type.application";
		};
/* End PBXNativeTarget section */

/* Begin PBXProject section */
		94DA1E7D2634757300F83E86 /* Project object */ = {
			isa = PBXProject;
			attributes = {
				BuildIndependentTargetsInParallel = YES;
				LastSwiftUpdateCheck = 1410;
				LastUpgradeCheck = 1600;
				TargetAttributes = {
					94196330292ED5FE009BC68A = {
						CreatedOnToolsVersion = 14.1;
					};
					94416F9D265F967300A23369 = {
						CreatedOnToolsVersion = 12.5;
					};
					945F06B626543E1700391A7D = {
						CreatedOnToolsVersion = 12.5;
					};
					9476F3242639D65A006FBF66 = {
						CreatedOnToolsVersion = 12.5;
					};
					947C5629264814E9007E6B4A = {
						CreatedOnToolsVersion = 12.5;
					};
					947C562C264814E9007E6B4A = {
						CreatedOnToolsVersion = 12.5;
					};
					94BEB1B92646D9C500A5D811 = {
						CreatedOnToolsVersion = 12.5;
					};
					94CBA0C3265308370032CA8B = {
						CreatedOnToolsVersion = 12.5;
					};
					94DA1E842634757300F83E86 = {
						CreatedOnToolsVersion = 12.4;
					};
				};
			};
			buildConfigurationList = 94DA1E802634757300F83E86 /* Build configuration list for PBXProject "BeatTime" */;
			compatibilityVersion = "Xcode 9.3";
			developmentRegion = en;
			hasScannedForEncodings = 0;
			knownRegions = (
				en,
				Base,
			);
			mainGroup = 94DA1E7C2634757300F83E86;
			productRefGroup = 94DA1E862634757300F83E86 /* Products */;
			projectDirPath = "";
			projectRoot = "";
			targets = (
				94DA1E842634757300F83E86 /* BeatTime */,
				9476F3242639D65A006FBF66 /* BeatTimeWidgetExtension */,
				94BEB1B92646D9C500A5D811 /* BeatTimeiOS */,
				947C5629264814E9007E6B4A /* BeatTimeWatchOS */,
				947C562C264814E9007E6B4A /* BeatTimeWatchOS WatchKit App */,
				94CBA0C3265308370032CA8B /* BeatTimeTvOS */,
				945F06B626543E1700391A7D /* BeatTimeWidgetiOSExtension */,
				94416F9D265F967300A23369 /* BeatTimeMenuBar */,
				94196330292ED5FE009BC68A /* BeatTimeWidgetWatchOSExtension */,
			);
		};
/* End PBXProject section */

/* Begin PBXResourcesBuildPhase section */
		9419632F292ED5FE009BC68A /* Resources */ = {
			isa = PBXResourcesBuildPhase;
			buildActionMask = 2147483647;
			files = (
				94196338292ED5FF009BC68A /* Assets.xcassets in Resources */,
			);
			runOnlyForDeploymentPostprocessing = 0;
		};
		94416F9C265F967300A23369 /* Resources */ = {
			isa = PBXResourcesBuildPhase;
			buildActionMask = 2147483647;
			files = (
				94416FA8265F967C00A23369 /* Preview Assets.xcassets in Resources */,
				94416FA5265F967C00A23369 /* Assets.xcassets in Resources */,
			);
			runOnlyForDeploymentPostprocessing = 0;
		};
		945F06B526543E1700391A7D /* Resources */ = {
			isa = PBXResourcesBuildPhase;
			buildActionMask = 2147483647;
			files = (
				945F06BE26543E1D00391A7D /* Assets.xcassets in Resources */,
			);
			runOnlyForDeploymentPostprocessing = 0;
		};
		9476F3232639D65A006FBF66 /* Resources */ = {
			isa = PBXResourcesBuildPhase;
			buildActionMask = 2147483647;
			files = (
				9476F32F2639D662006FBF66 /* Assets.xcassets in Resources */,
			);
			runOnlyForDeploymentPostprocessing = 0;
		};
		947C5628264814E9007E6B4A /* Resources */ = {
			isa = PBXResourcesBuildPhase;
			buildActionMask = 2147483647;
			files = (
			);
			runOnlyForDeploymentPostprocessing = 0;
		};
		947C562B264814E9007E6B4A /* Resources */ = {
			isa = PBXResourcesBuildPhase;
			buildActionMask = 2147483647;
			files = (
				947C564C264814F2007E6B4A /* Preview Assets.xcassets in Resources */,
				94CBA0BF2652DC5A0032CA8B /* Assets.xcassets in Resources */,
				947C5649264814F2007E6B4A /* Assets.xcassets in Resources */,
			);
			runOnlyForDeploymentPostprocessing = 0;
		};
		94BEB1B82646D9C500A5D811 /* Resources */ = {
			isa = PBXResourcesBuildPhase;
			buildActionMask = 2147483647;
			files = (
				94BEB1C42646D9CA00A5D811 /* Preview Assets.xcassets in Resources */,
				94BEB1C12646D9CA00A5D811 /* Assets.xcassets in Resources */,
			);
			runOnlyForDeploymentPostprocessing = 0;
		};
		94CBA0C2265308370032CA8B /* Resources */ = {
			isa = PBXResourcesBuildPhase;
			buildActionMask = 2147483647;
			files = (
				94CBA0CE2653083E0032CA8B /* Preview Assets.xcassets in Resources */,
				94CBA0CB2653083E0032CA8B /* Assets.xcassets in Resources */,
			);
			runOnlyForDeploymentPostprocessing = 0;
		};
		94DA1E832634757300F83E86 /* Resources */ = {
			isa = PBXResourcesBuildPhase;
			buildActionMask = 2147483647;
			files = (
				94DA1E8B2634757700F83E86 /* Assets.xcassets in Resources */,
				94416F99265F896600A23369 /* alarm clock.ttf in Resources */,
				94DA1E8E2634757700F83E86 /* MainMenu.xib in Resources */,
			);
			runOnlyForDeploymentPostprocessing = 0;
		};
/* End PBXResourcesBuildPhase section */

/* Begin PBXSourcesBuildPhase section */
		9419632D292ED5FE009BC68A /* Sources */ = {
			isa = PBXSourcesBuildPhase;
			buildActionMask = 2147483647;
			files = (
				94196343292ED92C009BC68A /* UIViewDraw.swift in Sources */,
				94196344292ED931009BC68A /* Colors.swift in Sources */,
				94196342292ED902009BC68A /* BeatTime.swift in Sources */,
				942690FB29326F480095E1A3 /* BeatTimeWidget.swift in Sources */,
				94196345292ED936009BC68A /* BeatTImeView.swift in Sources */,
			);
			runOnlyForDeploymentPostprocessing = 0;
		};
		94416F9A265F967300A23369 /* Sources */ = {
			isa = PBXSourcesBuildPhase;
			buildActionMask = 2147483647;
			files = (
				94416FA3265F967300A23369 /* ContentView.swift in Sources */,
				94416FB1265FE44700A23369 /* Colors.swift in Sources */,
				94416FAE265F974E00A23369 /* BeatTime.swift in Sources */,
				94416FA1265F967300A23369 /* BeatTimeMenuBarApp.swift in Sources */,
				94416FAF265FE42B00A23369 /* BeatTImeView.swift in Sources */,
				94416FB0265FE43C00A23369 /* UIViewDraw.swift in Sources */,
			);
			runOnlyForDeploymentPostprocessing = 0;
		};
		945F06B326543E1700391A7D /* Sources */ = {
			isa = PBXSourcesBuildPhase;
			buildActionMask = 2147483647;
			files = (
				945F06C926543EDE00391A7D /* BeatTImeView.swift in Sources */,
				945F06CA26543EE200391A7D /* Colors.swift in Sources */,
				945F06C826543EBB00391A7D /* BeatTime.swift in Sources */,
				942690FA29326EEF0095E1A3 /* BeatTimeWidget.swift in Sources */,
				945F06CB26543EE500391A7D /* UIViewDraw.swift in Sources */,
			);
			runOnlyForDeploymentPostprocessing = 0;
		};
		9476F3212639D65A006FBF66 /* Sources */ = {
			isa = PBXSourcesBuildPhase;
			buildActionMask = 2147483647;
			files = (
				947C56682648405F007E6B4A /* UIViewDraw.swift in Sources */,
				947C566A26484217007E6B4A /* BeatTImeView.swift in Sources */,
				947C566926484069007E6B4A /* Colors.swift in Sources */,
				947C5665264839A6007E6B4A /* BeatTimeWidget.swift in Sources */,
				9476F33B2639DF0C006FBF66 /* BeatTime.swift in Sources */,
			);
			runOnlyForDeploymentPostprocessing = 0;
		};
		947C5635264814F0007E6B4A /* Sources */ = {
			isa = PBXSourcesBuildPhase;
			buildActionMask = 2147483647;
			files = (
				947C5643264814F1007E6B4A /* NotificationController.swift in Sources */,
				947C566226481A68007E6B4A /* Colors.swift in Sources */,
				9475DB862B910AF100402BAA /* LocalNotificationManager.swift in Sources */,
				94196346292F61DA009BC68A /* ComplicationController.swift in Sources */,
				94A89355264D863700C86B3E /* ExtensionDelegate.swift in Sources */,
				947C566326481B22007E6B4A /* BeatTImeView.swift in Sources */,
				947C5660264819F8007E6B4A /* BeatTime.swift in Sources */,
				947C566126481A5E007E6B4A /* UIViewDraw.swift in Sources */,
				947C563F264814F1007E6B4A /* BeatTimeApp.swift in Sources */,
				947C5645264814F1007E6B4A /* NotificationView.swift in Sources */,
			);
			runOnlyForDeploymentPostprocessing = 0;
		};
		94BEB1B62646D9C500A5D811 /* Sources */ = {
			isa = PBXSourcesBuildPhase;
			buildActionMask = 2147483647;
			files = (
				94F62D882B717A0300C4C2C4 /* LocalNotificationManager.swift in Sources */,
				94BEB1BF2646D9C500A5D811 /* BeatTImeView.swift in Sources */,
				94BEB20F2646E92E00A5D811 /* Colors.swift in Sources */,
				94BEB1BD2646D9C500A5D811 /* BeatTimeiOSApp.swift in Sources */,
				94BEB1CA2646DBBC00A5D811 /* BeatTime.swift in Sources */,
				94BEB2112647D12D00A5D811 /* UIViewDraw.swift in Sources */,
			);
			runOnlyForDeploymentPostprocessing = 0;
		};
		94CBA0C0265308370032CA8B /* Sources */ = {
			isa = PBXSourcesBuildPhase;
			buildActionMask = 2147483647;
			files = (
				94CBA0D4265308740032CA8B /* Colors.swift in Sources */,
				94CBA0D626530A3F0032CA8B /* BeatTime.swift in Sources */,
				94CBA0C7265308370032CA8B /* BeatTimeTvOSApp.swift in Sources */,
				94CBA0D32653086D0032CA8B /* BeatTImeView.swift in Sources */,
				94CBA0D5265308780032CA8B /* UIViewDraw.swift in Sources */,
			);
			runOnlyForDeploymentPostprocessing = 0;
		};
		94DA1E812634757300F83E86 /* Sources */ = {
			isa = PBXSourcesBuildPhase;
			buildActionMask = 2147483647;
			files = (
				94DA1E9A2634771E00F83E86 /* BeatTime.swift in Sources */,
				94DA1E892634757300F83E86 /* AppDelegate.swift in Sources */,
				9476F33D2639ED7C006FBF66 /* CocoaDraw.swift in Sources */,
			);
			runOnlyForDeploymentPostprocessing = 0;
		};
/* End PBXSourcesBuildPhase section */

/* Begin PBXTargetDependency section */
		9419633B292ED5FF009BC68A /* PBXTargetDependency */ = {
			isa = PBXTargetDependency;
			target = 94196330292ED5FE009BC68A /* BeatTimeWidgetWatchOSExtension */;
			targetProxy = 9419633A292ED5FF009BC68A /* PBXContainerItemProxy */;
		};
		94416FB426659EBD00A23369 /* PBXTargetDependency */ = {
			isa = PBXTargetDependency;
			target = 947C562C264814E9007E6B4A /* BeatTimeWatchOS WatchKit App */;
			targetProxy = 94416FB326659EBD00A23369 /* PBXContainerItemProxy */;
		};
		945F06C126543E1D00391A7D /* PBXTargetDependency */ = {
			isa = PBXTargetDependency;
			target = 945F06B626543E1700391A7D /* BeatTimeWidgetiOSExtension */;
			targetProxy = 945F06C026543E1D00391A7D /* PBXContainerItemProxy */;
		};
		9476F3332639D662006FBF66 /* PBXTargetDependency */ = {
			isa = PBXTargetDependency;
			target = 9476F3242639D65A006FBF66 /* BeatTimeWidgetExtension */;
			targetProxy = 9476F3322639D662006FBF66 /* PBXContainerItemProxy */;
		};
		947C5630264814E9007E6B4A /* PBXTargetDependency */ = {
			isa = PBXTargetDependency;
			target = 947C562C264814E9007E6B4A /* BeatTimeWatchOS WatchKit App */;
			targetProxy = 947C562F264814E9007E6B4A /* PBXContainerItemProxy */;
		};
/* End PBXTargetDependency section */

/* Begin PBXVariantGroup section */
		94DA1E8C2634757700F83E86 /* MainMenu.xib */ = {
			isa = PBXVariantGroup;
			children = (
				94DA1E8D2634757700F83E86 /* Base */,
			);
			name = MainMenu.xib;
			sourceTree = "<group>";
		};
/* End PBXVariantGroup section */

/* Begin XCBuildConfiguration section */
		9419633E292ED5FF009BC68A /* Debug */ = {
			isa = XCBuildConfiguration;
			buildSettings = {
				ASSETCATALOG_COMPILER_GLOBAL_ACCENT_COLOR_NAME = AccentColor;
				ASSETCATALOG_COMPILER_WIDGET_BACKGROUND_COLOR_NAME = WidgetBackground;
				CLANG_CXX_LANGUAGE_STANDARD = "gnu++20";
				CODE_SIGN_STYLE = Automatic;
				CURRENT_PROJECT_VERSION = 11;
				DEVELOPMENT_TEAM = VNLK894MAE;
				GCC_C_LANGUAGE_STANDARD = gnu11;
				GENERATE_INFOPLIST_FILE = YES;
				INFOPLIST_FILE = BeatTimeWidgetWatchOS/Info.plist;
				INFOPLIST_KEY_CFBundleDisplayName = BeatTimeWidgetWatchOS;
				INFOPLIST_KEY_NSHumanReadableCopyright = "";
				LD_RUNPATH_SEARCH_PATHS = (
					"$(inherited)",
					"@executable_path/Frameworks",
					"@executable_path/../../Frameworks",
					"@executable_path/../../../../Frameworks",
				);
				MARKETING_VERSION = 2.2;
				PRODUCT_BUNDLE_IDENTIFIER = org.mulot.beattime.watchkitapp.BeatTimeWidgetWatchOS;
				PRODUCT_NAME = "$(TARGET_NAME)";
				SDKROOT = watchos;
				SKIP_INSTALL = YES;
				SWIFT_EMIT_LOC_STRINGS = YES;
				SWIFT_VERSION = 5.0;
				TARGETED_DEVICE_FAMILY = 4;
				WATCHOS_DEPLOYMENT_TARGET = 10.0;
			};
			name = Debug;
		};
		9419633F292ED5FF009BC68A /* Release */ = {
			isa = XCBuildConfiguration;
			buildSettings = {
				ASSETCATALOG_COMPILER_GLOBAL_ACCENT_COLOR_NAME = AccentColor;
				ASSETCATALOG_COMPILER_WIDGET_BACKGROUND_COLOR_NAME = WidgetBackground;
				CLANG_CXX_LANGUAGE_STANDARD = "gnu++20";
				CODE_SIGN_STYLE = Automatic;
				CURRENT_PROJECT_VERSION = 11;
				DEVELOPMENT_TEAM = VNLK894MAE;
				GCC_C_LANGUAGE_STANDARD = gnu11;
				GENERATE_INFOPLIST_FILE = YES;
				INFOPLIST_FILE = BeatTimeWidgetWatchOS/Info.plist;
				INFOPLIST_KEY_CFBundleDisplayName = BeatTimeWidgetWatchOS;
				INFOPLIST_KEY_NSHumanReadableCopyright = "";
				LD_RUNPATH_SEARCH_PATHS = (
					"$(inherited)",
					"@executable_path/Frameworks",
					"@executable_path/../../Frameworks",
					"@executable_path/../../../../Frameworks",
				);
				MARKETING_VERSION = 2.2;
				PRODUCT_BUNDLE_IDENTIFIER = org.mulot.beattime.watchkitapp.BeatTimeWidgetWatchOS;
				PRODUCT_NAME = "$(TARGET_NAME)";
				SDKROOT = watchos;
				SKIP_INSTALL = YES;
				SWIFT_EMIT_LOC_STRINGS = YES;
				SWIFT_VERSION = 5.0;
				TARGETED_DEVICE_FAMILY = 4;
				VALIDATE_PRODUCT = YES;
				WATCHOS_DEPLOYMENT_TARGET = 10.0;
			};
			name = Release;
		};
		94416FAC265F967C00A23369 /* Debug */ = {
			isa = XCBuildConfiguration;
			buildSettings = {
				ASSETCATALOG_COMPILER_APPICON_NAME = AppIcon;
				ASSETCATALOG_COMPILER_GLOBAL_ACCENT_COLOR_NAME = AccentColor;
				CODE_SIGN_ENTITLEMENTS = BeatTimeMenuBar/BeatTimeMenuBar.entitlements;
				CODE_SIGN_IDENTITY = "-";
				CODE_SIGN_STYLE = Automatic;
				COMBINE_HIDPI_IMAGES = YES;
				CURRENT_PROJECT_VERSION = 5;
				DEAD_CODE_STRIPPING = YES;
				DEVELOPMENT_ASSET_PATHS = "\"BeatTimeMenuBar/Preview Content\"";
				DEVELOPMENT_TEAM = VNLK894MAE;
				ENABLE_HARDENED_RUNTIME = YES;
				ENABLE_PREVIEWS = YES;
				INFOPLIST_FILE = BeatTimeMenuBar/Info.plist;
				LD_RUNPATH_SEARCH_PATHS = (
					"$(inherited)",
					"@executable_path/../Frameworks",
				);
				MACOSX_DEPLOYMENT_TARGET = 11.3;
				MARKETING_VERSION = 1.1;
				PRODUCT_BUNDLE_IDENTIFIER = org.mulot.beattime.BeatTimeMenuBar;
				PRODUCT_NAME = "$(TARGET_NAME)";
				SWIFT_VERSION = 5.0;
			};
			name = Debug;
		};
		94416FAD265F967C00A23369 /* Release */ = {
			isa = XCBuildConfiguration;
			buildSettings = {
				ASSETCATALOG_COMPILER_APPICON_NAME = AppIcon;
				ASSETCATALOG_COMPILER_GLOBAL_ACCENT_COLOR_NAME = AccentColor;
				CODE_SIGN_ENTITLEMENTS = BeatTimeMenuBar/BeatTimeMenuBar.entitlements;
				CODE_SIGN_IDENTITY = "-";
				CODE_SIGN_STYLE = Automatic;
				COMBINE_HIDPI_IMAGES = YES;
				CURRENT_PROJECT_VERSION = 5;
				DEAD_CODE_STRIPPING = YES;
				DEVELOPMENT_ASSET_PATHS = "\"BeatTimeMenuBar/Preview Content\"";
				DEVELOPMENT_TEAM = VNLK894MAE;
				ENABLE_HARDENED_RUNTIME = YES;
				ENABLE_PREVIEWS = YES;
				INFOPLIST_FILE = BeatTimeMenuBar/Info.plist;
				LD_RUNPATH_SEARCH_PATHS = (
					"$(inherited)",
					"@executable_path/../Frameworks",
				);
				MACOSX_DEPLOYMENT_TARGET = 11.3;
				MARKETING_VERSION = 1.1;
				PRODUCT_BUNDLE_IDENTIFIER = org.mulot.beattime.BeatTimeMenuBar;
				PRODUCT_NAME = "$(TARGET_NAME)";
				SWIFT_VERSION = 5.0;
			};
			name = Release;
		};
		945F06C426543E1D00391A7D /* Debug */ = {
			isa = XCBuildConfiguration;
			buildSettings = {
				ASSETCATALOG_COMPILER_GLOBAL_ACCENT_COLOR_NAME = AccentColor;
				ASSETCATALOG_COMPILER_WIDGET_BACKGROUND_COLOR_NAME = WidgetBackground;
				CODE_SIGN_ENTITLEMENTS = BeatTimeWidgetiOSExtension.entitlements;
				CODE_SIGN_STYLE = Automatic;
				CURRENT_PROJECT_VERSION = 11;
				DEVELOPMENT_TEAM = VNLK894MAE;
				INFOPLIST_FILE = "$(SRCROOT)/Widget iOS/Info.plist";
				IPHONEOS_DEPLOYMENT_TARGET = 17.0;
				LD_RUNPATH_SEARCH_PATHS = (
					"$(inherited)",
					"@executable_path/Frameworks",
					"@executable_path/../../Frameworks",
				);
				MARKETING_VERSION = 2.2;
				PRODUCT_BUNDLE_IDENTIFIER = org.mulot.beattime.BeatTimeWidgetiOS;
				PRODUCT_NAME = "$(TARGET_NAME)";
				SDKROOT = iphoneos;
				SKIP_INSTALL = YES;
				SUPPORTED_PLATFORMS = "iphoneos iphonesimulator";
				SUPPORTS_MACCATALYST = NO;
				SUPPORTS_MAC_DESIGNED_FOR_IPHONE_IPAD = YES;
				SWIFT_VERSION = 5.0;
				TARGETED_DEVICE_FAMILY = "1,2";
			};
			name = Debug;
		};
		945F06C526543E1D00391A7D /* Release */ = {
			isa = XCBuildConfiguration;
			buildSettings = {
				ASSETCATALOG_COMPILER_GLOBAL_ACCENT_COLOR_NAME = AccentColor;
				ASSETCATALOG_COMPILER_WIDGET_BACKGROUND_COLOR_NAME = WidgetBackground;
				CODE_SIGN_ENTITLEMENTS = BeatTimeWidgetiOSExtension.entitlements;
				CODE_SIGN_STYLE = Automatic;
				CURRENT_PROJECT_VERSION = 11;
				DEVELOPMENT_TEAM = VNLK894MAE;
				INFOPLIST_FILE = "$(SRCROOT)/Widget iOS/Info.plist";
				IPHONEOS_DEPLOYMENT_TARGET = 17.0;
				LD_RUNPATH_SEARCH_PATHS = (
					"$(inherited)",
					"@executable_path/Frameworks",
					"@executable_path/../../Frameworks",
				);
				MARKETING_VERSION = 2.2;
				PRODUCT_BUNDLE_IDENTIFIER = org.mulot.beattime.BeatTimeWidgetiOS;
				PRODUCT_NAME = "$(TARGET_NAME)";
				SDKROOT = iphoneos;
				SKIP_INSTALL = YES;
				SUPPORTED_PLATFORMS = "iphoneos iphonesimulator";
				SUPPORTS_MACCATALYST = NO;
				SUPPORTS_MAC_DESIGNED_FOR_IPHONE_IPAD = YES;
				SWIFT_VERSION = 5.0;
				TARGETED_DEVICE_FAMILY = "1,2";
				VALIDATE_PRODUCT = YES;
			};
			name = Release;
		};
		9476F3362639D662006FBF66 /* Debug */ = {
			isa = XCBuildConfiguration;
			buildSettings = {
				ASSETCATALOG_COMPILER_GLOBAL_ACCENT_COLOR_NAME = AccentColor;
				ASSETCATALOG_COMPILER_WIDGET_BACKGROUND_COLOR_NAME = WidgetBackground;
				CODE_SIGN_ENTITLEMENTS = Widget/BeatTimeWidget.entitlements;
				CODE_SIGN_IDENTITY = "Apple Development";
				CODE_SIGN_STYLE = Automatic;
				CURRENT_PROJECT_VERSION = 5;
				DEAD_CODE_STRIPPING = YES;
				DEVELOPMENT_TEAM = VNLK894MAE;
				ENABLE_HARDENED_RUNTIME = YES;
				INFOPLIST_FILE = "$(SRCROOT)/Widget/Info.plist";
				LD_RUNPATH_SEARCH_PATHS = (
					"$(inherited)",
					"@executable_path/../Frameworks",
					"@executable_path/../../../../Frameworks",
				);
				MACOSX_DEPLOYMENT_TARGET = 14.0;
				MARKETING_VERSION = 1.1;
				PRODUCT_BUNDLE_IDENTIFIER = org.mulot.beattime.BeatTimeWidget;
				PRODUCT_NAME = "$(TARGET_NAME)";
				SKIP_INSTALL = YES;
				SWIFT_VERSION = 5.0;
			};
			name = Debug;
		};
		9476F3372639D662006FBF66 /* Release */ = {
			isa = XCBuildConfiguration;
			buildSettings = {
				ASSETCATALOG_COMPILER_GLOBAL_ACCENT_COLOR_NAME = AccentColor;
				ASSETCATALOG_COMPILER_WIDGET_BACKGROUND_COLOR_NAME = WidgetBackground;
				CODE_SIGN_ENTITLEMENTS = Widget/BeatTimeWidget.entitlements;
				CODE_SIGN_IDENTITY = "Apple Development";
				CODE_SIGN_STYLE = Automatic;
				CURRENT_PROJECT_VERSION = 5;
				DEAD_CODE_STRIPPING = YES;
				DEVELOPMENT_TEAM = VNLK894MAE;
				ENABLE_HARDENED_RUNTIME = YES;
				INFOPLIST_FILE = "$(SRCROOT)/Widget/Info.plist";
				LD_RUNPATH_SEARCH_PATHS = (
					"$(inherited)",
					"@executable_path/../Frameworks",
					"@executable_path/../../../../Frameworks",
				);
				MACOSX_DEPLOYMENT_TARGET = 14.0;
				MARKETING_VERSION = 1.1;
				PRODUCT_BUNDLE_IDENTIFIER = org.mulot.beattime.BeatTimeWidget;
				PRODUCT_NAME = "$(TARGET_NAME)";
				SKIP_INSTALL = YES;
				SWIFT_VERSION = 5.0;
			};
			name = Release;
		};
		947C5654264814F2007E6B4A /* Debug */ = {
			isa = XCBuildConfiguration;
			buildSettings = {
				ASSETCATALOG_COMPILER_APPICON_NAME = AppIcon;
				ASSETCATALOG_COMPILER_COMPLICATION_NAME = Complication;
				ASSETCATALOG_COMPILER_GLOBAL_ACCENT_COLOR_NAME = AccentColor;
				CODE_SIGN_STYLE = Automatic;
				CURRENT_PROJECT_VERSION = 11;
				DEVELOPMENT_TEAM = VNLK894MAE;
				INFOPLIST_FILE = "$(SRCROOT)/WatchOS WatchKit App/Info.plist";
				LD_RUNPATH_SEARCH_PATHS = (
					"@executable_path/Frameworks",
					"@executable_path/../../Frameworks",
				);
				MARKETING_VERSION = 2.2;
				PRODUCT_BUNDLE_IDENTIFIER = org.mulot.beattime.watchkitapp;
				PRODUCT_NAME = "$(TARGET_NAME)";
				SDKROOT = watchos;
				SKIP_INSTALL = YES;
				SWIFT_VERSION = 5.0;
				TARGETED_DEVICE_FAMILY = 4;
				WATCHOS_DEPLOYMENT_TARGET = 10.0;
			};
			name = Debug;
		};
		947C5655264814F2007E6B4A /* Release */ = {
			isa = XCBuildConfiguration;
			buildSettings = {
				ASSETCATALOG_COMPILER_APPICON_NAME = AppIcon;
				ASSETCATALOG_COMPILER_COMPLICATION_NAME = Complication;
				ASSETCATALOG_COMPILER_GLOBAL_ACCENT_COLOR_NAME = AccentColor;
				CODE_SIGN_STYLE = Automatic;
				CURRENT_PROJECT_VERSION = 11;
				DEVELOPMENT_TEAM = VNLK894MAE;
				INFOPLIST_FILE = "$(SRCROOT)/WatchOS WatchKit App/Info.plist";
				LD_RUNPATH_SEARCH_PATHS = (
					"@executable_path/Frameworks",
					"@executable_path/../../Frameworks",
				);
				MARKETING_VERSION = 2.2;
				PRODUCT_BUNDLE_IDENTIFIER = org.mulot.beattime.watchkitapp;
				PRODUCT_NAME = "$(TARGET_NAME)";
				SDKROOT = watchos;
				SKIP_INSTALL = YES;
				SWIFT_VERSION = 5.0;
				TARGETED_DEVICE_FAMILY = 4;
				VALIDATE_PRODUCT = YES;
				WATCHOS_DEPLOYMENT_TARGET = 10.0;
			};
			name = Release;
		};
		947C5658264814F2007E6B4A /* Debug */ = {
			isa = XCBuildConfiguration;
			buildSettings = {
				CODE_SIGN_STYLE = Automatic;
				CURRENT_PROJECT_VERSION = 11;
				DEVELOPMENT_TEAM = VNLK894MAE;
				IPHONEOS_DEPLOYMENT_TARGET = 17.0;
				MARKETING_VERSION = 2.2;
				PRODUCT_BUNDLE_IDENTIFIER = org.mulot.beattime;
				PRODUCT_NAME = BeatTime;
				SDKROOT = iphoneos;
				SWIFT_VERSION = 5.0;
			};
			name = Debug;
		};
		947C5659264814F2007E6B4A /* Release */ = {
			isa = XCBuildConfiguration;
			buildSettings = {
				CODE_SIGN_STYLE = Automatic;
				CURRENT_PROJECT_VERSION = 11;
				DEVELOPMENT_TEAM = VNLK894MAE;
				IPHONEOS_DEPLOYMENT_TARGET = 17.0;
				MARKETING_VERSION = 2.2;
				PRODUCT_BUNDLE_IDENTIFIER = org.mulot.beattime;
				PRODUCT_NAME = BeatTime;
				SDKROOT = iphoneos;
				SWIFT_VERSION = 5.0;
				VALIDATE_PRODUCT = YES;
			};
			name = Release;
		};
		94BEB1C62646D9CA00A5D811 /* Debug */ = {
			isa = XCBuildConfiguration;
			buildSettings = {
				ASSETCATALOG_COMPILER_APPICON_NAME = "AppIcon iOS";
				ASSETCATALOG_COMPILER_GLOBAL_ACCENT_COLOR_NAME = AccentColor;
				CODE_SIGN_STYLE = Automatic;
				CURRENT_PROJECT_VERSION = 11;
				DEVELOPMENT_ASSET_PATHS = "\"iOS/Preview Content\"";
				DEVELOPMENT_TEAM = VNLK894MAE;
				ENABLE_PREVIEWS = YES;
				INFOPLIST_FILE = "$(SRCROOT)/iOS/Info.plist";
				INFOPLIST_KEY_CFBundleDisplayName = BeatTime;
				INFOPLIST_KEY_LSApplicationCategoryType = "public.app-category.utilities";
				IPHONEOS_DEPLOYMENT_TARGET = 17.0;
				LD_RUNPATH_SEARCH_PATHS = (
					"$(inherited)",
					"@executable_path/Frameworks",
				);
				MARKETING_VERSION = 2.2;
				PRODUCT_BUNDLE_IDENTIFIER = org.mulot.beattime;
				PRODUCT_NAME = "$(TARGET_NAME)";
				SDKROOT = iphoneos;
				SWIFT_VERSION = 5.0;
				TARGETED_DEVICE_FAMILY = "1,2";
			};
			name = Debug;
		};
		94BEB1C72646D9CA00A5D811 /* Release */ = {
			isa = XCBuildConfiguration;
			buildSettings = {
				ASSETCATALOG_COMPILER_APPICON_NAME = "AppIcon iOS";
				ASSETCATALOG_COMPILER_GLOBAL_ACCENT_COLOR_NAME = AccentColor;
				CODE_SIGN_STYLE = Automatic;
				CURRENT_PROJECT_VERSION = 11;
				DEVELOPMENT_ASSET_PATHS = "\"iOS/Preview Content\"";
				DEVELOPMENT_TEAM = VNLK894MAE;
				ENABLE_PREVIEWS = YES;
				INFOPLIST_FILE = "$(SRCROOT)/iOS/Info.plist";
				INFOPLIST_KEY_CFBundleDisplayName = BeatTime;
				INFOPLIST_KEY_LSApplicationCategoryType = "public.app-category.utilities";
				IPHONEOS_DEPLOYMENT_TARGET = 17.0;
				LD_RUNPATH_SEARCH_PATHS = (
					"$(inherited)",
					"@executable_path/Frameworks",
				);
				MARKETING_VERSION = 2.2;
				PRODUCT_BUNDLE_IDENTIFIER = org.mulot.beattime;
				PRODUCT_NAME = "$(TARGET_NAME)";
				SDKROOT = iphoneos;
				SWIFT_VERSION = 5.0;
				TARGETED_DEVICE_FAMILY = "1,2";
				VALIDATE_PRODUCT = YES;
			};
			name = Release;
		};
		94CBA0D12653083E0032CA8B /* Debug */ = {
			isa = XCBuildConfiguration;
			buildSettings = {
				ASSETCATALOG_COMPILER_APPICON_NAME = "App Icon & Top Shelf Image";
				ASSETCATALOG_COMPILER_GLOBAL_ACCENT_COLOR_NAME = AccentColor;
				CODE_SIGN_STYLE = Automatic;
				CURRENT_PROJECT_VERSION = 11;
				DEVELOPMENT_ASSET_PATHS = "\"TvOS/Preview Content\"";
				DEVELOPMENT_TEAM = VNLK894MAE;
				ENABLE_PREVIEWS = YES;
				INFOPLIST_FILE = "$(SRCROOT)/TvOS/Info.plist";
				INFOPLIST_KEY_CFBundleDisplayName = BeatTime;
				INFOPLIST_KEY_LSApplicationCategoryType = "public.app-category.games";
				LD_RUNPATH_SEARCH_PATHS = (
					"$(inherited)",
					"@executable_path/Frameworks",
				);
				MARKETING_VERSION = 2.2;
				PRODUCT_BUNDLE_IDENTIFIER = org.mulot.beattime;
				PRODUCT_NAME = "$(TARGET_NAME)";
				SDKROOT = appletvos;
				SWIFT_VERSION = 5.0;
				TARGETED_DEVICE_FAMILY = 3;
				TVOS_DEPLOYMENT_TARGET = 16.0;
			};
			name = Debug;
		};
		94CBA0D22653083E0032CA8B /* Release */ = {
			isa = XCBuildConfiguration;
			buildSettings = {
				ASSETCATALOG_COMPILER_APPICON_NAME = "App Icon & Top Shelf Image";
				ASSETCATALOG_COMPILER_GLOBAL_ACCENT_COLOR_NAME = AccentColor;
				CODE_SIGN_STYLE = Automatic;
				CURRENT_PROJECT_VERSION = 11;
				DEVELOPMENT_ASSET_PATHS = "\"TvOS/Preview Content\"";
				DEVELOPMENT_TEAM = VNLK894MAE;
				ENABLE_PREVIEWS = YES;
				INFOPLIST_FILE = "$(SRCROOT)/TvOS/Info.plist";
				INFOPLIST_KEY_CFBundleDisplayName = BeatTime;
				INFOPLIST_KEY_LSApplicationCategoryType = "public.app-category.games";
				LD_RUNPATH_SEARCH_PATHS = (
					"$(inherited)",
					"@executable_path/Frameworks",
				);
				MARKETING_VERSION = 2.2;
				PRODUCT_BUNDLE_IDENTIFIER = org.mulot.beattime;
				PRODUCT_NAME = "$(TARGET_NAME)";
				SDKROOT = appletvos;
				SWIFT_VERSION = 5.0;
				TARGETED_DEVICE_FAMILY = 3;
				TVOS_DEPLOYMENT_TARGET = 16.0;
				VALIDATE_PRODUCT = YES;
			};
			name = Release;
		};
		94DA1E912634757700F83E86 /* Debug */ = {
			isa = XCBuildConfiguration;
			buildSettings = {
				ALWAYS_SEARCH_USER_PATHS = NO;
				ASSETCATALOG_COMPILER_GENERATE_SWIFT_ASSET_SYMBOL_EXTENSIONS = YES;
				CLANG_ANALYZER_NONNULL = YES;
				CLANG_ANALYZER_NUMBER_OBJECT_CONVERSION = YES_AGGRESSIVE;
				CLANG_CXX_LANGUAGE_STANDARD = "compiler-default";
				CLANG_CXX_LIBRARY = "compiler-default";
				CLANG_ENABLE_MODULES = YES;
				CLANG_ENABLE_OBJC_ARC = YES;
				CLANG_ENABLE_OBJC_WEAK = YES;
				CLANG_WARN_BLOCK_CAPTURE_AUTORELEASING = YES;
				CLANG_WARN_BOOL_CONVERSION = YES;
				CLANG_WARN_COMMA = YES;
				CLANG_WARN_CONSTANT_CONVERSION = YES;
				CLANG_WARN_DEPRECATED_OBJC_IMPLEMENTATIONS = YES;
				CLANG_WARN_DIRECT_OBJC_ISA_USAGE = YES_ERROR;
				CLANG_WARN_DOCUMENTATION_COMMENTS = YES;
				CLANG_WARN_EMPTY_BODY = YES;
				CLANG_WARN_ENUM_CONVERSION = YES;
				CLANG_WARN_INFINITE_RECURSION = YES;
				CLANG_WARN_INT_CONVERSION = YES;
				CLANG_WARN_NON_LITERAL_NULL_CONVERSION = YES;
				CLANG_WARN_OBJC_IMPLICIT_RETAIN_SELF = YES;
				CLANG_WARN_OBJC_LITERAL_CONVERSION = YES;
				CLANG_WARN_OBJC_ROOT_CLASS = YES_ERROR;
				CLANG_WARN_QUOTED_INCLUDE_IN_FRAMEWORK_HEADER = YES;
				CLANG_WARN_RANGE_LOOP_ANALYSIS = YES;
				CLANG_WARN_STRICT_PROTOTYPES = YES;
				CLANG_WARN_SUSPICIOUS_MOVE = YES;
				CLANG_WARN_UNGUARDED_AVAILABILITY = YES_AGGRESSIVE;
				CLANG_WARN_UNREACHABLE_CODE = YES;
				CLANG_WARN__DUPLICATE_METHOD_MATCH = YES;
				COPY_PHASE_STRIP = NO;
				DEAD_CODE_STRIPPING = YES;
				DEBUG_INFORMATION_FORMAT = dwarf;
				ENABLE_STRICT_OBJC_MSGSEND = YES;
				ENABLE_TESTABILITY = YES;
				ENABLE_USER_SCRIPT_SANDBOXING = YES;
				GCC_C_LANGUAGE_STANDARD = "compiler-default";
				GCC_DYNAMIC_NO_PIC = NO;
				GCC_NO_COMMON_BLOCKS = YES;
				GCC_OPTIMIZATION_LEVEL = 0;
				GCC_PREPROCESSOR_DEFINITIONS = (
					"DEBUG=1",
					"$(inherited)",
				);
				GCC_WARN_64_TO_32_BIT_CONVERSION = YES;
				GCC_WARN_ABOUT_RETURN_TYPE = YES_ERROR;
				GCC_WARN_UNDECLARED_SELECTOR = YES;
				GCC_WARN_UNINITIALIZED_AUTOS = YES_AGGRESSIVE;
				GCC_WARN_UNUSED_FUNCTION = YES;
				GCC_WARN_UNUSED_VARIABLE = YES;
				IPHONEOS_DEPLOYMENT_TARGET = 17.0;
				MACOSX_DEPLOYMENT_TARGET = 11.1;
				MTL_ENABLE_DEBUG_INFO = INCLUDE_SOURCE;
				MTL_FAST_MATH = YES;
				ONLY_ACTIVE_ARCH = YES;
				SDKROOT = macosx;
				SWIFT_ACTIVE_COMPILATION_CONDITIONS = DEBUG;
				SWIFT_OPTIMIZATION_LEVEL = "-Onone";
				WATCHOS_DEPLOYMENT_TARGET = 10.0;
			};
			name = Debug;
		};
		94DA1E922634757700F83E86 /* Release */ = {
			isa = XCBuildConfiguration;
			buildSettings = {
				ALWAYS_SEARCH_USER_PATHS = NO;
				ASSETCATALOG_COMPILER_GENERATE_SWIFT_ASSET_SYMBOL_EXTENSIONS = YES;
				CLANG_ANALYZER_NONNULL = YES;
				CLANG_ANALYZER_NUMBER_OBJECT_CONVERSION = YES_AGGRESSIVE;
				CLANG_CXX_LANGUAGE_STANDARD = "compiler-default";
				CLANG_CXX_LIBRARY = "compiler-default";
				CLANG_ENABLE_MODULES = YES;
				CLANG_ENABLE_OBJC_ARC = YES;
				CLANG_ENABLE_OBJC_WEAK = YES;
				CLANG_WARN_BLOCK_CAPTURE_AUTORELEASING = YES;
				CLANG_WARN_BOOL_CONVERSION = YES;
				CLANG_WARN_COMMA = YES;
				CLANG_WARN_CONSTANT_CONVERSION = YES;
				CLANG_WARN_DEPRECATED_OBJC_IMPLEMENTATIONS = YES;
				CLANG_WARN_DIRECT_OBJC_ISA_USAGE = YES_ERROR;
				CLANG_WARN_DOCUMENTATION_COMMENTS = YES;
				CLANG_WARN_EMPTY_BODY = YES;
				CLANG_WARN_ENUM_CONVERSION = YES;
				CLANG_WARN_INFINITE_RECURSION = YES;
				CLANG_WARN_INT_CONVERSION = YES;
				CLANG_WARN_NON_LITERAL_NULL_CONVERSION = YES;
				CLANG_WARN_OBJC_IMPLICIT_RETAIN_SELF = YES;
				CLANG_WARN_OBJC_LITERAL_CONVERSION = YES;
				CLANG_WARN_OBJC_ROOT_CLASS = YES_ERROR;
				CLANG_WARN_QUOTED_INCLUDE_IN_FRAMEWORK_HEADER = YES;
				CLANG_WARN_RANGE_LOOP_ANALYSIS = YES;
				CLANG_WARN_STRICT_PROTOTYPES = YES;
				CLANG_WARN_SUSPICIOUS_MOVE = YES;
				CLANG_WARN_UNGUARDED_AVAILABILITY = YES_AGGRESSIVE;
				CLANG_WARN_UNREACHABLE_CODE = YES;
				CLANG_WARN__DUPLICATE_METHOD_MATCH = YES;
				COPY_PHASE_STRIP = NO;
				DEAD_CODE_STRIPPING = YES;
				DEBUG_INFORMATION_FORMAT = "dwarf-with-dsym";
				ENABLE_NS_ASSERTIONS = NO;
				ENABLE_STRICT_OBJC_MSGSEND = YES;
				ENABLE_USER_SCRIPT_SANDBOXING = YES;
				GCC_C_LANGUAGE_STANDARD = "compiler-default";
				GCC_NO_COMMON_BLOCKS = YES;
				GCC_WARN_64_TO_32_BIT_CONVERSION = YES;
				GCC_WARN_ABOUT_RETURN_TYPE = YES_ERROR;
				GCC_WARN_UNDECLARED_SELECTOR = YES;
				GCC_WARN_UNINITIALIZED_AUTOS = YES_AGGRESSIVE;
				GCC_WARN_UNUSED_FUNCTION = YES;
				GCC_WARN_UNUSED_VARIABLE = YES;
				IPHONEOS_DEPLOYMENT_TARGET = 17.0;
				MACOSX_DEPLOYMENT_TARGET = 11.1;
				MTL_ENABLE_DEBUG_INFO = NO;
				MTL_FAST_MATH = YES;
				SDKROOT = macosx;
				SWIFT_COMPILATION_MODE = wholemodule;
				SWIFT_OPTIMIZATION_LEVEL = "-O";
				WATCHOS_DEPLOYMENT_TARGET = 10.0;
			};
			name = Release;
		};
		94DA1E942634757700F83E86 /* Debug */ = {
			isa = XCBuildConfiguration;
			buildSettings = {
				ASSETCATALOG_COMPILER_APPICON_NAME = AppIcon;
				ASSETCATALOG_COMPILER_GLOBAL_ACCENT_COLOR_NAME = AccentColor;
				CODE_SIGN_ENTITLEMENTS = "$(SRCROOT)/MacOS/BeatTime.entitlements";
				CODE_SIGN_IDENTITY = "Apple Development";
				CODE_SIGN_STYLE = Automatic;
				COMBINE_HIDPI_IMAGES = YES;
				CURRENT_PROJECT_VERSION = 5;
				DEAD_CODE_STRIPPING = YES;
				DEVELOPMENT_TEAM = VNLK894MAE;
				ENABLE_HARDENED_RUNTIME = YES;
				INFOPLIST_FILE = "$(SRCROOT)/MacOS/Info.plist";
				INFOPLIST_KEY_CFBundleDisplayName = BeatTime;
				INFOPLIST_KEY_LSApplicationCategoryType = "public.app-category.utilities";
				LD_RUNPATH_SEARCH_PATHS = (
					"$(inherited)",
					"@executable_path/../Frameworks",
				);
				MACOSX_DEPLOYMENT_TARGET = 11.0;
				MARKETING_VERSION = 1.1;
				PRODUCT_BUNDLE_IDENTIFIER = org.mulot.beattime;
				PRODUCT_NAME = "$(TARGET_NAME)";
				SWIFT_VERSION = 5.0;
			};
			name = Debug;
		};
		94DA1E952634757700F83E86 /* Release */ = {
			isa = XCBuildConfiguration;
			buildSettings = {
				ASSETCATALOG_COMPILER_APPICON_NAME = AppIcon;
				ASSETCATALOG_COMPILER_GLOBAL_ACCENT_COLOR_NAME = AccentColor;
				CODE_SIGN_ENTITLEMENTS = "$(SRCROOT)/MacOS/BeatTime.entitlements";
				CODE_SIGN_IDENTITY = "Apple Development";
				CODE_SIGN_STYLE = Automatic;
				COMBINE_HIDPI_IMAGES = YES;
				CURRENT_PROJECT_VERSION = 5;
				DEAD_CODE_STRIPPING = YES;
				DEVELOPMENT_TEAM = VNLK894MAE;
				ENABLE_HARDENED_RUNTIME = YES;
				INFOPLIST_FILE = "$(SRCROOT)/MacOS/Info.plist";
				INFOPLIST_KEY_CFBundleDisplayName = BeatTime;
				INFOPLIST_KEY_LSApplicationCategoryType = "public.app-category.utilities";
				LD_RUNPATH_SEARCH_PATHS = (
					"$(inherited)",
					"@executable_path/../Frameworks",
				);
				MACOSX_DEPLOYMENT_TARGET = 11.0;
				MARKETING_VERSION = 1.1;
				PRODUCT_BUNDLE_IDENTIFIER = org.mulot.beattime;
				PRODUCT_NAME = "$(TARGET_NAME)";
				SWIFT_VERSION = 5.0;
			};
			name = Release;
		};
/* End XCBuildConfiguration section */

/* Begin XCConfigurationList section */
		94196340292ED5FF009BC68A /* Build configuration list for PBXNativeTarget "BeatTimeWidgetWatchOSExtension" */ = {
			isa = XCConfigurationList;
			buildConfigurations = (
				9419633E292ED5FF009BC68A /* Debug */,
				9419633F292ED5FF009BC68A /* Release */,
			);
			defaultConfigurationIsVisible = 0;
			defaultConfigurationName = Release;
		};
		94416FAB265F967C00A23369 /* Build configuration list for PBXNativeTarget "BeatTimeMenuBar" */ = {
			isa = XCConfigurationList;
			buildConfigurations = (
				94416FAC265F967C00A23369 /* Debug */,
				94416FAD265F967C00A23369 /* Release */,
			);
			defaultConfigurationIsVisible = 0;
			defaultConfigurationName = Release;
		};
		945F06C626543E1D00391A7D /* Build configuration list for PBXNativeTarget "BeatTimeWidgetiOSExtension" */ = {
			isa = XCConfigurationList;
			buildConfigurations = (
				945F06C426543E1D00391A7D /* Debug */,
				945F06C526543E1D00391A7D /* Release */,
			);
			defaultConfigurationIsVisible = 0;
			defaultConfigurationName = Release;
		};
		9476F3352639D662006FBF66 /* Build configuration list for PBXNativeTarget "BeatTimeWidgetExtension" */ = {
			isa = XCConfigurationList;
			buildConfigurations = (
				9476F3362639D662006FBF66 /* Debug */,
				9476F3372639D662006FBF66 /* Release */,
			);
			defaultConfigurationIsVisible = 0;
			defaultConfigurationName = Release;
		};
		947C5653264814F2007E6B4A /* Build configuration list for PBXNativeTarget "BeatTimeWatchOS WatchKit App" */ = {
			isa = XCConfigurationList;
			buildConfigurations = (
				947C5654264814F2007E6B4A /* Debug */,
				947C5655264814F2007E6B4A /* Release */,
			);
			defaultConfigurationIsVisible = 0;
			defaultConfigurationName = Release;
		};
		947C5657264814F2007E6B4A /* Build configuration list for PBXNativeTarget "BeatTimeWatchOS" */ = {
			isa = XCConfigurationList;
			buildConfigurations = (
				947C5658264814F2007E6B4A /* Debug */,
				947C5659264814F2007E6B4A /* Release */,
			);
			defaultConfigurationIsVisible = 0;
			defaultConfigurationName = Release;
		};
		94BEB1C82646D9CB00A5D811 /* Build configuration list for PBXNativeTarget "BeatTimeiOS" */ = {
			isa = XCConfigurationList;
			buildConfigurations = (
				94BEB1C62646D9CA00A5D811 /* Debug */,
				94BEB1C72646D9CA00A5D811 /* Release */,
			);
			defaultConfigurationIsVisible = 0;
			defaultConfigurationName = Release;
		};
		94CBA0D02653083E0032CA8B /* Build configuration list for PBXNativeTarget "BeatTimeTvOS" */ = {
			isa = XCConfigurationList;
			buildConfigurations = (
				94CBA0D12653083E0032CA8B /* Debug */,
				94CBA0D22653083E0032CA8B /* Release */,
			);
			defaultConfigurationIsVisible = 0;
			defaultConfigurationName = Release;
		};
		94DA1E802634757300F83E86 /* Build configuration list for PBXProject "BeatTime" */ = {
			isa = XCConfigurationList;
			buildConfigurations = (
				94DA1E912634757700F83E86 /* Debug */,
				94DA1E922634757700F83E86 /* Release */,
			);
			defaultConfigurationIsVisible = 0;
			defaultConfigurationName = Release;
		};
		94DA1E932634757700F83E86 /* Build configuration list for PBXNativeTarget "BeatTime" */ = {
			isa = XCConfigurationList;
			buildConfigurations = (
				94DA1E942634757700F83E86 /* Debug */,
				94DA1E952634757700F83E86 /* Release */,
			);
			defaultConfigurationIsVisible = 0;
			defaultConfigurationName = Release;
		};
/* End XCConfigurationList section */
	};
	rootObject = 94DA1E7D2634757300F83E86 /* Project object */;
}
